// !$*UTF8*$!
{
	archiveVersion = 1;
	classes = {
	};
	objectVersion = 46;
	objects = {

/* Begin PBXBuildFile section */
		00E356F31AD99517003FC87E /* BevegramTests.m in Sources */ = {isa = PBXBuildFile; fileRef = 00E356F21AD99517003FC87E /* BevegramTests.m */; };
		13B07FBC1A68108700A75B9A /* AppDelegate.m in Sources */ = {isa = PBXBuildFile; fileRef = 13B07FB01A68108700A75B9A /* AppDelegate.m */; };
		13B07FBD1A68108700A75B9A /* LaunchScreen.xib in Resources */ = {isa = PBXBuildFile; fileRef = 13B07FB11A68108700A75B9A /* LaunchScreen.xib */; };
		13B07FBF1A68108700A75B9A /* Images.xcassets in Resources */ = {isa = PBXBuildFile; fileRef = 13B07FB51A68108700A75B9A /* Images.xcassets */; };
		13B07FC11A68108700A75B9A /* main.m in Sources */ = {isa = PBXBuildFile; fileRef = 13B07FB71A68108700A75B9A /* main.m */; };
		2D02E4C21E0B4AEC006451C7 /* (null) in Frameworks */ = {isa = PBXBuildFile; };
		2D02E4C31E0B4AEC006451C7 /* (null) in Frameworks */ = {isa = PBXBuildFile; };
		2D02E4C41E0B4AEC006451C7 /* (null) in Frameworks */ = {isa = PBXBuildFile; };
		2D02E4C51E0B4AEC006451C7 /* (null) in Frameworks */ = {isa = PBXBuildFile; };
		2D02E4C61E0B4AEC006451C7 /* (null) in Frameworks */ = {isa = PBXBuildFile; };
		2D02E4C71E0B4AEC006451C7 /* (null) in Frameworks */ = {isa = PBXBuildFile; };
		2D02E4C81E0B4AEC006451C7 /* (null) in Frameworks */ = {isa = PBXBuildFile; };
		2DCD954D1E0B4F2C00145EB5 /* BevegramTests.m in Sources */ = {isa = PBXBuildFile; fileRef = 00E356F21AD99517003FC87E /* BevegramTests.m */; };
		49DB46BDC0743BA91725C4D7 /* libPods-Bevegram-tvOS.a in Frameworks */ = {isa = PBXBuildFile; fileRef = 743822A961DD3FBC715F7910 /* libPods-Bevegram-tvOS.a */; };
		631E71CB1F6B361A00B87387 /* Roboto-Regular.ttf in Resources */ = {isa = PBXBuildFile; fileRef = 631E71C51F6B361A00B87387 /* Roboto-Regular.ttf */; };
		631E71CC1F6B361A00B87387 /* Roboto-Bold.ttf in Resources */ = {isa = PBXBuildFile; fileRef = 631E71C61F6B361A00B87387 /* Roboto-Bold.ttf */; };
		631E71CD1F6B361A00B87387 /* Roboto-Light.ttf in Resources */ = {isa = PBXBuildFile; fileRef = 631E71C71F6B361A00B87387 /* Roboto-Light.ttf */; };
		631E72231F6C378100B87387 /* Roboto-Black.ttf in Resources */ = {isa = PBXBuildFile; fileRef = 631E72211F6C378100B87387 /* Roboto-Black.ttf */; };
		631E72241F6C378100B87387 /* Roboto-Thin.ttf in Resources */ = {isa = PBXBuildFile; fileRef = 631E72221F6C378100B87387 /* Roboto-Thin.ttf */; };
		6380F73A1F3E68970067E18B /* GoogleService-Info.plist in Resources */ = {isa = PBXBuildFile; fileRef = 6380F7391F3E68970067E18B /* GoogleService-Info.plist */; };
		6380F73B1F3E6DCC0067E18B /* GoogleService-Info.plist in Resources */ = {isa = PBXBuildFile; fileRef = 6380F7391F3E68970067E18B /* GoogleService-Info.plist */; };
		6380F73C1F3E6DCC0067E18B /* GoogleService-Info.plist in Resources */ = {isa = PBXBuildFile; fileRef = 6380F7391F3E68970067E18B /* GoogleService-Info.plist */; };
		6380F73D1F3E6DCD0067E18B /* GoogleService-Info.plist in Resources */ = {isa = PBXBuildFile; fileRef = 6380F7391F3E68970067E18B /* GoogleService-Info.plist */; };
		638BBDB51F1D339F00A31B41 /* libAirMaps.a in Frameworks */ = {isa = PBXBuildFile; fileRef = 638BBDA91F1D32C300A31B41 /* libAirMaps.a */; };
		638BBDB61F1D339F00A31B41 /* libcxxreact.a in Frameworks */ = {isa = PBXBuildFile; fileRef = 638BBD441F1D31B200A31B41 /* libcxxreact.a */; };
		638BBDB71F1D339F00A31B41 /* libdouble-conversion.a in Frameworks */ = {isa = PBXBuildFile; fileRef = 638BBD4E1F1D31B200A31B41 /* libdouble-conversion.a */; };
		638BBDB81F1D339F00A31B41 /* libjschelpers.a in Frameworks */ = {isa = PBXBuildFile; fileRef = 638BBD481F1D31B200A31B41 /* libjschelpers.a */; };
		638BBDB91F1D339F00A31B41 /* libRCTActionSheet.a in Frameworks */ = {isa = PBXBuildFile; fileRef = 638BBD541F1D31C800A31B41 /* libRCTActionSheet.a */; };
		638BBDBA1F1D339F00A31B41 /* libRCTAnimation.a in Frameworks */ = {isa = PBXBuildFile; fileRef = 638BBDA11F1D32BA00A31B41 /* libRCTAnimation.a */; };
		638BBDBB1F1D339F00A31B41 /* libRCTGeolocation.a in Frameworks */ = {isa = PBXBuildFile; fileRef = 638BBD5A1F1D31DC00A31B41 /* libRCTGeolocation.a */; };
		638BBDBC1F1D339F00A31B41 /* libRCTImage.a in Frameworks */ = {isa = PBXBuildFile; fileRef = 638BBD611F1D31F200A31B41 /* libRCTImage.a */; };
		638BBDBD1F1D339F00A31B41 /* libRCTLinking.a in Frameworks */ = {isa = PBXBuildFile; fileRef = 638BBD6A1F1D320600A31B41 /* libRCTLinking.a */; };
		638BBDBE1F1D339F00A31B41 /* libRCTNetwork.a in Frameworks */ = {isa = PBXBuildFile; fileRef = 638BBD731F1D322100A31B41 /* libRCTNetwork.a */; };
		638BBDBF1F1D339F00A31B41 /* libRCTSettings.a in Frameworks */ = {isa = PBXBuildFile; fileRef = 638BBD7D1F1D323600A31B41 /* libRCTSettings.a */; };
		638BBDC01F1D339F00A31B41 /* libRCTText.a in Frameworks */ = {isa = PBXBuildFile; fileRef = 638BBDB01F1D32C900A31B41 /* libRCTText.a */; };
		638BBDC11F1D339F00A31B41 /* libRCTVibration.a in Frameworks */ = {isa = PBXBuildFile; fileRef = 638BBD851F1D324C00A31B41 /* libRCTVibration.a */; };
		638BBDC21F1D339F00A31B41 /* libRCTWebSocket.a in Frameworks */ = {isa = PBXBuildFile; fileRef = 638BBD8C1F1D325F00A31B41 /* libRCTWebSocket.a */; };
		638BBDC51F1D339F00A31B41 /* libyoga.a in Frameworks */ = {isa = PBXBuildFile; fileRef = 638BBD401F1D31B200A31B41 /* libyoga.a */; };
		63961A851E85DD0D0010F3E5 /* logo-just-otter.png in Resources */ = {isa = PBXBuildFile; fileRef = 63961A841E85DD0D0010F3E5 /* logo-just-otter.png */; };
		63B280741F72E7B700BF3DF6 /* FontAwesome.ttf in Resources */ = {isa = PBXBuildFile; fileRef = 63B280721F72E7B700BF3DF6 /* FontAwesome.ttf */; };
		63B280751F72E7B700BF3DF6 /* Ionicons.ttf in Resources */ = {isa = PBXBuildFile; fileRef = 63B280731F72E7B700BF3DF6 /* Ionicons.ttf */; };
		63CA318B1DEAAF3600649B41 /* logo-on-brown-big.png in Resources */ = {isa = PBXBuildFile; fileRef = 63CA318A1DEAAF3600649B41 /* logo-on-brown-big.png */; };
		C479458B7A12C5ABD725B2B3 /* libPods-Bevegram.a in Frameworks */ = {isa = PBXBuildFile; fileRef = 9A91BE57F9AE0A90CB2CCAB5 /* libPods-Bevegram.a */; };
		C49621FC6F5B4BDFE268D08A /* libPods-BevegramTests.a in Frameworks */ = {isa = PBXBuildFile; fileRef = B0D2C23B237FEE470C0DFA34 /* libPods-BevegramTests.a */; };
		D5EAE8E63521D5DAB0E0D0AD /* libPods-Bevegram-tvOSTests.a in Frameworks */ = {isa = PBXBuildFile; fileRef = FC390DC426768F78FE23C7B2 /* libPods-Bevegram-tvOSTests.a */; };
/* End PBXBuildFile section */

/* Begin PBXContainerItemProxy section */
		00E356F41AD99517003FC87E /* PBXContainerItemProxy */ = {
			isa = PBXContainerItemProxy;
			containerPortal = 83CBB9F71A601CBA00E9B192 /* Project object */;
			proxyType = 1;
			remoteGlobalIDString = 13B07F861A680F5B00A75B9A;
			remoteInfo = Bevegram;
		};
		2D02E4911E0B4A5D006451C7 /* PBXContainerItemProxy */ = {
			isa = PBXContainerItemProxy;
			containerPortal = 83CBB9F71A601CBA00E9B192 /* Project object */;
			proxyType = 1;
			remoteGlobalIDString = 2D02E47A1E0B4A5D006451C7;
			remoteInfo = "Bevegram-tvOS";
		};
		6335E4D81F4811B100C7547E /* PBXContainerItemProxy */ = {
			isa = PBXContainerItemProxy;
			containerPortal = 638BBD2E1F1D31B100A31B41 /* React.xcodeproj */;
			proxyType = 2;
			remoteGlobalIDString = 3D383D3C1EBD27B6005632C8;
			remoteInfo = "third-party-tvOS";
		};
		6335E4DA1F4811B100C7547E /* PBXContainerItemProxy */ = {
			isa = PBXContainerItemProxy;
			containerPortal = 638BBD2E1F1D31B100A31B41 /* React.xcodeproj */;
			proxyType = 2;
			remoteGlobalIDString = 3D383D621EBD27B9005632C8;
			remoteInfo = "double-conversion-tvOS";
		};
		6374FB6E1F58C70500C16B0E /* PBXContainerItemProxy */ = {
			isa = PBXContainerItemProxy;
			containerPortal = 6374FB6A1F58C70500C16B0E /* RCTFBSDK.xcodeproj */;
			proxyType = 2;
			remoteGlobalIDString = 9350E0F11CE3B0920041D815;
			remoteInfo = RCTFBSDK;
		};
		638BBD3B1F1D31B200A31B41 /* PBXContainerItemProxy */ = {
			isa = PBXContainerItemProxy;
			containerPortal = 638BBD2E1F1D31B100A31B41 /* React.xcodeproj */;
			proxyType = 2;
			remoteGlobalIDString = 83CBBA2E1A601D0E00E9B192;
			remoteInfo = React;
		};
		638BBD3D1F1D31B200A31B41 /* PBXContainerItemProxy */ = {
			isa = PBXContainerItemProxy;
			containerPortal = 638BBD2E1F1D31B100A31B41 /* React.xcodeproj */;
			proxyType = 2;
			remoteGlobalIDString = 2D2A28131D9B038B00D4039D;
			remoteInfo = "React-tvOS";
		};
		638BBD3F1F1D31B200A31B41 /* PBXContainerItemProxy */ = {
			isa = PBXContainerItemProxy;
			containerPortal = 638BBD2E1F1D31B100A31B41 /* React.xcodeproj */;
			proxyType = 2;
			remoteGlobalIDString = 3D3C059A1DE3340900C268FA;
			remoteInfo = yoga;
		};
		638BBD411F1D31B200A31B41 /* PBXContainerItemProxy */ = {
			isa = PBXContainerItemProxy;
			containerPortal = 638BBD2E1F1D31B100A31B41 /* React.xcodeproj */;
			proxyType = 2;
			remoteGlobalIDString = 3D3C06751DE3340C00C268FA;
			remoteInfo = "yoga-tvOS";
		};
		638BBD431F1D31B200A31B41 /* PBXContainerItemProxy */ = {
			isa = PBXContainerItemProxy;
			containerPortal = 638BBD2E1F1D31B100A31B41 /* React.xcodeproj */;
			proxyType = 2;
			remoteGlobalIDString = 3D3CD9251DE5FBEC00167DC4;
			remoteInfo = cxxreact;
		};
		638BBD451F1D31B200A31B41 /* PBXContainerItemProxy */ = {
			isa = PBXContainerItemProxy;
			containerPortal = 638BBD2E1F1D31B100A31B41 /* React.xcodeproj */;
			proxyType = 2;
			remoteGlobalIDString = 3D3CD9321DE5FBEE00167DC4;
			remoteInfo = "cxxreact-tvOS";
		};
		638BBD471F1D31B200A31B41 /* PBXContainerItemProxy */ = {
			isa = PBXContainerItemProxy;
			containerPortal = 638BBD2E1F1D31B100A31B41 /* React.xcodeproj */;
			proxyType = 2;
			remoteGlobalIDString = 3D3CD90B1DE5FBD600167DC4;
			remoteInfo = jschelpers;
		};
		638BBD491F1D31B200A31B41 /* PBXContainerItemProxy */ = {
			isa = PBXContainerItemProxy;
			containerPortal = 638BBD2E1F1D31B100A31B41 /* React.xcodeproj */;
			proxyType = 2;
			remoteGlobalIDString = 3D3CD9181DE5FBD800167DC4;
			remoteInfo = "jschelpers-tvOS";
		};
		638BBD4B1F1D31B200A31B41 /* PBXContainerItemProxy */ = {
			isa = PBXContainerItemProxy;
			containerPortal = 638BBD2E1F1D31B100A31B41 /* React.xcodeproj */;
			proxyType = 2;
			remoteGlobalIDString = 139D7ECE1E25DB7D00323FB7;
			remoteInfo = "third-party";
		};
		638BBD4D1F1D31B200A31B41 /* PBXContainerItemProxy */ = {
			isa = PBXContainerItemProxy;
			containerPortal = 638BBD2E1F1D31B100A31B41 /* React.xcodeproj */;
			proxyType = 2;
			remoteGlobalIDString = 139D7E881E25C6D100323FB7;
			remoteInfo = "double-conversion";
		};
		638BBD531F1D31C800A31B41 /* PBXContainerItemProxy */ = {
			isa = PBXContainerItemProxy;
			containerPortal = 638BBD4F1F1D31C800A31B41 /* RCTActionSheet.xcodeproj */;
			proxyType = 2;
			remoteGlobalIDString = 134814201AA4EA6300B7C361;
			remoteInfo = RCTActionSheet;
		};
		638BBD591F1D31DC00A31B41 /* PBXContainerItemProxy */ = {
			isa = PBXContainerItemProxy;
			containerPortal = 638BBD551F1D31DC00A31B41 /* RCTGeolocation.xcodeproj */;
			proxyType = 2;
			remoteGlobalIDString = 134814201AA4EA6300B7C361;
			remoteInfo = RCTGeolocation;
		};
		638BBD601F1D31F200A31B41 /* PBXContainerItemProxy */ = {
			isa = PBXContainerItemProxy;
			containerPortal = 638BBD5B1F1D31F200A31B41 /* RCTImage.xcodeproj */;
			proxyType = 2;
			remoteGlobalIDString = 58B5115D1A9E6B3D00147676;
			remoteInfo = RCTImage;
		};
		638BBD621F1D31F200A31B41 /* PBXContainerItemProxy */ = {
			isa = PBXContainerItemProxy;
			containerPortal = 638BBD5B1F1D31F200A31B41 /* RCTImage.xcodeproj */;
			proxyType = 2;
			remoteGlobalIDString = 2D2A283A1D9B042B00D4039D;
			remoteInfo = "RCTImage-tvOS";
		};
		638BBD691F1D320600A31B41 /* PBXContainerItemProxy */ = {
			isa = PBXContainerItemProxy;
			containerPortal = 638BBD641F1D320500A31B41 /* RCTLinking.xcodeproj */;
			proxyType = 2;
			remoteGlobalIDString = 134814201AA4EA6300B7C361;
			remoteInfo = RCTLinking;
		};
		638BBD6B1F1D320600A31B41 /* PBXContainerItemProxy */ = {
			isa = PBXContainerItemProxy;
			containerPortal = 638BBD641F1D320500A31B41 /* RCTLinking.xcodeproj */;
			proxyType = 2;
			remoteGlobalIDString = 2D2A28471D9B043800D4039D;
			remoteInfo = "RCTLinking-tvOS";
		};
		638BBD721F1D322100A31B41 /* PBXContainerItemProxy */ = {
			isa = PBXContainerItemProxy;
			containerPortal = 638BBD6D1F1D322100A31B41 /* RCTNetwork.xcodeproj */;
			proxyType = 2;
			remoteGlobalIDString = 58B511DB1A9E6C8500147676;
			remoteInfo = RCTNetwork;
		};
		638BBD741F1D322100A31B41 /* PBXContainerItemProxy */ = {
			isa = PBXContainerItemProxy;
			containerPortal = 638BBD6D1F1D322100A31B41 /* RCTNetwork.xcodeproj */;
			proxyType = 2;
			remoteGlobalIDString = 2D2A28541D9B044C00D4039D;
			remoteInfo = "RCTNetwork-tvOS";
		};
		638BBD7C1F1D323600A31B41 /* PBXContainerItemProxy */ = {
			isa = PBXContainerItemProxy;
			containerPortal = 638BBD761F1D323600A31B41 /* RCTSettings.xcodeproj */;
			proxyType = 2;
			remoteGlobalIDString = 134814201AA4EA6300B7C361;
			remoteInfo = RCTSettings;
		};
		638BBD7E1F1D323600A31B41 /* PBXContainerItemProxy */ = {
			isa = PBXContainerItemProxy;
			containerPortal = 638BBD761F1D323600A31B41 /* RCTSettings.xcodeproj */;
			proxyType = 2;
			remoteGlobalIDString = 2D2A28611D9B046600D4039D;
			remoteInfo = "RCTSettings-tvOS";
		};
		638BBD841F1D324C00A31B41 /* PBXContainerItemProxy */ = {
			isa = PBXContainerItemProxy;
			containerPortal = 638BBD801F1D324C00A31B41 /* RCTVibration.xcodeproj */;
			proxyType = 2;
			remoteGlobalIDString = 832C81801AAF6DEF007FA2F7;
			remoteInfo = RCTVibration;
		};
		638BBD8B1F1D325F00A31B41 /* PBXContainerItemProxy */ = {
			isa = PBXContainerItemProxy;
			containerPortal = 638BBD861F1D325F00A31B41 /* RCTWebSocket.xcodeproj */;
			proxyType = 2;
			remoteGlobalIDString = 3C86DF461ADF2C930047B81A;
			remoteInfo = RCTWebSocket;
		};
		638BBD8D1F1D325F00A31B41 /* PBXContainerItemProxy */ = {
			isa = PBXContainerItemProxy;
			containerPortal = 638BBD861F1D325F00A31B41 /* RCTWebSocket.xcodeproj */;
			proxyType = 2;
			remoteGlobalIDString = 2D2A28881D9B049200D4039D;
			remoteInfo = "RCTWebSocket-tvOS";
		};
		638BBD931F1D328900A31B41 /* PBXContainerItemProxy */ = {
			isa = PBXContainerItemProxy;
			containerPortal = 638BBD8F1F1D328900A31B41 /* RNVectorIcons.xcodeproj */;
			proxyType = 2;
			remoteGlobalIDString = 5DBEB1501B18CEA900B34395;
			remoteInfo = RNVectorIcons;
		};
		638BBDA01F1D32BA00A31B41 /* PBXContainerItemProxy */ = {
			isa = PBXContainerItemProxy;
			containerPortal = 638BBD9B1F1D32BA00A31B41 /* RCTAnimation.xcodeproj */;
			proxyType = 2;
			remoteGlobalIDString = 134814201AA4EA6300B7C361;
			remoteInfo = RCTAnimation;
		};
		638BBDA21F1D32BA00A31B41 /* PBXContainerItemProxy */ = {
			isa = PBXContainerItemProxy;
			containerPortal = 638BBD9B1F1D32BA00A31B41 /* RCTAnimation.xcodeproj */;
			proxyType = 2;
			remoteGlobalIDString = 2D2A28201D9B03D100D4039D;
			remoteInfo = "RCTAnimation-tvOS";
		};
		638BBDA81F1D32C300A31B41 /* PBXContainerItemProxy */ = {
			isa = PBXContainerItemProxy;
			containerPortal = 638BBDA41F1D32C300A31B41 /* AirMaps.xcodeproj */;
			proxyType = 2;
			remoteGlobalIDString = 11FA5C511C4A1296003AC2EE;
			remoteInfo = AirMaps;
		};
		638BBDAF1F1D32C900A31B41 /* PBXContainerItemProxy */ = {
			isa = PBXContainerItemProxy;
			containerPortal = 638BBDAA1F1D32C900A31B41 /* RCTText.xcodeproj */;
			proxyType = 2;
			remoteGlobalIDString = 58B5119B1A9E6C1200147676;
			remoteInfo = RCTText;
		};
		638BBDB11F1D32C900A31B41 /* PBXContainerItemProxy */ = {
			isa = PBXContainerItemProxy;
			containerPortal = 638BBDAA1F1D32C900A31B41 /* RCTText.xcodeproj */;
			proxyType = 2;
			remoteGlobalIDString = 2D2A287B1D9B048500D4039D;
			remoteInfo = "RCTText-tvOS";
		};
/* End PBXContainerItemProxy section */

/* Begin PBXFileReference section */
		008F07F21AC5B25A0029DE68 /* main.jsbundle */ = {isa = PBXFileReference; fileEncoding = 4; lastKnownFileType = text; path = main.jsbundle; sourceTree = "<group>"; };
		00E356EE1AD99517003FC87E /* BevegramTests.xctest */ = {isa = PBXFileReference; explicitFileType = wrapper.cfbundle; includeInIndex = 0; path = BevegramTests.xctest; sourceTree = BUILT_PRODUCTS_DIR; };
		00E356F11AD99517003FC87E /* Info.plist */ = {isa = PBXFileReference; lastKnownFileType = text.plist.xml; path = Info.plist; sourceTree = "<group>"; };
		00E356F21AD99517003FC87E /* BevegramTests.m */ = {isa = PBXFileReference; lastKnownFileType = sourcecode.c.objc; path = BevegramTests.m; sourceTree = "<group>"; };
		05FEB03CFB724FCCA0ED56D9 /* Zocial.ttf */ = {isa = PBXFileReference; explicitFileType = undefined; fileEncoding = 9; includeInIndex = 0; lastKnownFileType = unknown; name = Zocial.ttf; path = "../node_modules/react-native-vector-icons/Fonts/Zocial.ttf"; sourceTree = "<group>"; };
		13B07F961A680F5B00A75B9A /* BuzzOtter.app */ = {isa = PBXFileReference; explicitFileType = wrapper.application; includeInIndex = 0; path = BuzzOtter.app; sourceTree = BUILT_PRODUCTS_DIR; };
		13B07FAF1A68108700A75B9A /* AppDelegate.h */ = {isa = PBXFileReference; fileEncoding = 4; lastKnownFileType = sourcecode.c.h; name = AppDelegate.h; path = Bevegram/AppDelegate.h; sourceTree = "<group>"; };
		13B07FB01A68108700A75B9A /* AppDelegate.m */ = {isa = PBXFileReference; fileEncoding = 4; lastKnownFileType = sourcecode.c.objc; name = AppDelegate.m; path = Bevegram/AppDelegate.m; sourceTree = "<group>"; };
		13B07FB21A68108700A75B9A /* Base */ = {isa = PBXFileReference; lastKnownFileType = file.xib; name = Base; path = Base.lproj/LaunchScreen.xib; sourceTree = "<group>"; };
		13B07FB51A68108700A75B9A /* Images.xcassets */ = {isa = PBXFileReference; lastKnownFileType = folder.assetcatalog; name = Images.xcassets; path = Bevegram/Images.xcassets; sourceTree = "<group>"; };
		13B07FB61A68108700A75B9A /* Info.plist */ = {isa = PBXFileReference; fileEncoding = 4; lastKnownFileType = text.plist.xml; name = Info.plist; path = Bevegram/Info.plist; sourceTree = "<group>"; };
		13B07FB71A68108700A75B9A /* main.m */ = {isa = PBXFileReference; fileEncoding = 4; lastKnownFileType = sourcecode.c.objc; name = main.m; path = Bevegram/main.m; sourceTree = "<group>"; };
		1F2FB586CBF547CC97FB0AB7 /* FontAwesome.ttf */ = {isa = PBXFileReference; explicitFileType = undefined; fileEncoding = 9; includeInIndex = 0; lastKnownFileType = unknown; name = FontAwesome.ttf; path = "../node_modules/react-native-vector-icons/Fonts/FontAwesome.ttf"; sourceTree = "<group>"; };
		249678DC98149B762683661C /* Pods-Bevegram-tvOSTests.debug.xcconfig */ = {isa = PBXFileReference; includeInIndex = 1; lastKnownFileType = text.xcconfig; name = "Pods-Bevegram-tvOSTests.debug.xcconfig"; path = "Pods/Target Support Files/Pods-Bevegram-tvOSTests/Pods-Bevegram-tvOSTests.debug.xcconfig"; sourceTree = "<group>"; };
		24DF2E2E69D782E8A6AC37F5 /* Pods-BevegramTests.release.xcconfig */ = {isa = PBXFileReference; includeInIndex = 1; lastKnownFileType = text.xcconfig; name = "Pods-BevegramTests.release.xcconfig"; path = "Pods/Target Support Files/Pods-BevegramTests/Pods-BevegramTests.release.xcconfig"; sourceTree = "<group>"; };
		2D02E47B1E0B4A5D006451C7 /* Bevegram-tvOS.app */ = {isa = PBXFileReference; explicitFileType = wrapper.application; includeInIndex = 0; path = "Bevegram-tvOS.app"; sourceTree = BUILT_PRODUCTS_DIR; };
		2D02E4901E0B4A5D006451C7 /* Bevegram-tvOSTests.xctest */ = {isa = PBXFileReference; explicitFileType = wrapper.cfbundle; includeInIndex = 0; path = "Bevegram-tvOSTests.xctest"; sourceTree = BUILT_PRODUCTS_DIR; };
		3C6D94D203CD5460997F63C4 /* Pods-Bevegram-tvOS.debug.xcconfig */ = {isa = PBXFileReference; includeInIndex = 1; lastKnownFileType = text.xcconfig; name = "Pods-Bevegram-tvOS.debug.xcconfig"; path = "Pods/Target Support Files/Pods-Bevegram-tvOS/Pods-Bevegram-tvOS.debug.xcconfig"; sourceTree = "<group>"; };
		4649E7A0A24ECFC2A4A4B297 /* Pods-Bevegram.release.xcconfig */ = {isa = PBXFileReference; includeInIndex = 1; lastKnownFileType = text.xcconfig; name = "Pods-Bevegram.release.xcconfig"; path = "Pods/Target Support Files/Pods-Bevegram/Pods-Bevegram.release.xcconfig"; sourceTree = "<group>"; };
		539BF34DC84E402DABA83CDE /* EvilIcons.ttf */ = {isa = PBXFileReference; explicitFileType = undefined; fileEncoding = 9; includeInIndex = 0; lastKnownFileType = unknown; name = EvilIcons.ttf; path = "../node_modules/react-native-vector-icons/Fonts/EvilIcons.ttf"; sourceTree = "<group>"; };
		54EE01F48644C700D4B3F3D8 /* Pods-Bevegram.debug.xcconfig */ = {isa = PBXFileReference; includeInIndex = 1; lastKnownFileType = text.xcconfig; name = "Pods-Bevegram.debug.xcconfig"; path = "Pods/Target Support Files/Pods-Bevegram/Pods-Bevegram.debug.xcconfig"; sourceTree = "<group>"; };
		631E71C51F6B361A00B87387 /* Roboto-Regular.ttf */ = {isa = PBXFileReference; lastKnownFileType = file; name = "Roboto-Regular.ttf"; path = "../assets/fonts/Roboto-Regular.ttf"; sourceTree = "<group>"; };
		631E71C61F6B361A00B87387 /* Roboto-Bold.ttf */ = {isa = PBXFileReference; lastKnownFileType = file; name = "Roboto-Bold.ttf"; path = "../assets/fonts/Roboto-Bold.ttf"; sourceTree = "<group>"; };
		631E71C71F6B361A00B87387 /* Roboto-Light.ttf */ = {isa = PBXFileReference; lastKnownFileType = file; name = "Roboto-Light.ttf"; path = "../assets/fonts/Roboto-Light.ttf"; sourceTree = "<group>"; };
		631E72211F6C378100B87387 /* Roboto-Black.ttf */ = {isa = PBXFileReference; lastKnownFileType = file; name = "Roboto-Black.ttf"; path = "../assets/fonts/Roboto-Black.ttf"; sourceTree = "<group>"; };
		631E72221F6C378100B87387 /* Roboto-Thin.ttf */ = {isa = PBXFileReference; lastKnownFileType = file; name = "Roboto-Thin.ttf"; path = "../assets/fonts/Roboto-Thin.ttf"; sourceTree = "<group>"; };
		6359857F1D9D8B5A00B01B34 /* Bevegram.entitlements */ = {isa = PBXFileReference; lastKnownFileType = text.plist.entitlements; name = Bevegram.entitlements; path = Bevegram/Bevegram.entitlements; sourceTree = "<group>"; };
		6374FB431F58C5FE00C16B0E /* libFBSDKCoreKit.a */ = {isa = PBXFileReference; lastKnownFileType = archive.ar; name = libFBSDKCoreKit.a; path = "../../../../../Library/Developer/Xcode/DerivedData/Bevegram-hgzbeothmcbcbtfnevqvmkasgbon/Build/Products/Debug-iphonesimulator/FBSDKCoreKit/libFBSDKCoreKit.a"; sourceTree = "<group>"; };
		6374FB441F58C5FE00C16B0E /* libFBSDKLoginKit.a */ = {isa = PBXFileReference; lastKnownFileType = archive.ar; name = libFBSDKLoginKit.a; path = "../../../../../Library/Developer/Xcode/DerivedData/Bevegram-hgzbeothmcbcbtfnevqvmkasgbon/Build/Products/Debug-iphonesimulator/FBSDKLoginKit/libFBSDKLoginKit.a"; sourceTree = "<group>"; };
		6374FB451F58C5FE00C16B0E /* libFBSDKShareKit.a */ = {isa = PBXFileReference; lastKnownFileType = archive.ar; name = libFBSDKShareKit.a; path = "../../../../../Library/Developer/Xcode/DerivedData/Bevegram-hgzbeothmcbcbtfnevqvmkasgbon/Build/Products/Debug-iphonesimulator/FBSDKShareKit/libFBSDKShareKit.a"; sourceTree = "<group>"; };
		6374FB681F58C62B00C16B0E /* libBolts.a */ = {isa = PBXFileReference; lastKnownFileType = archive.ar; name = libBolts.a; path = "../../../../../Library/Developer/Xcode/DerivedData/Bevegram-hgzbeothmcbcbtfnevqvmkasgbon/Build/Products/Debug-iphonesimulator/Bolts/libBolts.a"; sourceTree = "<group>"; };
		6374FB6A1F58C70500C16B0E /* RCTFBSDK.xcodeproj */ = {isa = PBXFileReference; lastKnownFileType = "wrapper.pb-project"; name = RCTFBSDK.xcodeproj; path = "../node_modules/react-native-fbsdk/ios/RCTFBSDK.xcodeproj"; sourceTree = "<group>"; };
		6380F7391F3E68970067E18B /* GoogleService-Info.plist */ = {isa = PBXFileReference; fileEncoding = 4; lastKnownFileType = text.plist.xml; name = "GoogleService-Info.plist"; path = "Bevegram/GoogleService-Info.plist"; sourceTree = "<group>"; };
		638BBD2E1F1D31B100A31B41 /* React.xcodeproj */ = {isa = PBXFileReference; lastKnownFileType = "wrapper.pb-project"; name = React.xcodeproj; path = "../node_modules/react-native/React/React.xcodeproj"; sourceTree = "<group>"; };
		638BBD4F1F1D31C800A31B41 /* RCTActionSheet.xcodeproj */ = {isa = PBXFileReference; lastKnownFileType = "wrapper.pb-project"; name = RCTActionSheet.xcodeproj; path = "../node_modules/react-native/Libraries/ActionSheetIOS/RCTActionSheet.xcodeproj"; sourceTree = "<group>"; };
		638BBD551F1D31DC00A31B41 /* RCTGeolocation.xcodeproj */ = {isa = PBXFileReference; lastKnownFileType = "wrapper.pb-project"; name = RCTGeolocation.xcodeproj; path = "../node_modules/react-native/Libraries/Geolocation/RCTGeolocation.xcodeproj"; sourceTree = "<group>"; };
		638BBD5B1F1D31F200A31B41 /* RCTImage.xcodeproj */ = {isa = PBXFileReference; lastKnownFileType = "wrapper.pb-project"; name = RCTImage.xcodeproj; path = "../node_modules/react-native/Libraries/Image/RCTImage.xcodeproj"; sourceTree = "<group>"; };
		638BBD641F1D320500A31B41 /* RCTLinking.xcodeproj */ = {isa = PBXFileReference; lastKnownFileType = "wrapper.pb-project"; name = RCTLinking.xcodeproj; path = "../node_modules/react-native/Libraries/LinkingIOS/RCTLinking.xcodeproj"; sourceTree = "<group>"; };
		638BBD6D1F1D322100A31B41 /* RCTNetwork.xcodeproj */ = {isa = PBXFileReference; lastKnownFileType = "wrapper.pb-project"; name = RCTNetwork.xcodeproj; path = "../node_modules/react-native/Libraries/Network/RCTNetwork.xcodeproj"; sourceTree = "<group>"; };
		638BBD761F1D323600A31B41 /* RCTSettings.xcodeproj */ = {isa = PBXFileReference; lastKnownFileType = "wrapper.pb-project"; name = RCTSettings.xcodeproj; path = "../node_modules/react-native/Libraries/Settings/RCTSettings.xcodeproj"; sourceTree = "<group>"; };
		638BBD801F1D324C00A31B41 /* RCTVibration.xcodeproj */ = {isa = PBXFileReference; lastKnownFileType = "wrapper.pb-project"; name = RCTVibration.xcodeproj; path = "../node_modules/react-native/Libraries/Vibration/RCTVibration.xcodeproj"; sourceTree = "<group>"; };
		638BBD861F1D325F00A31B41 /* RCTWebSocket.xcodeproj */ = {isa = PBXFileReference; lastKnownFileType = "wrapper.pb-project"; name = RCTWebSocket.xcodeproj; path = "../node_modules/react-native/Libraries/WebSocket/RCTWebSocket.xcodeproj"; sourceTree = "<group>"; };
		638BBD8F1F1D328900A31B41 /* RNVectorIcons.xcodeproj */ = {isa = PBXFileReference; lastKnownFileType = "wrapper.pb-project"; name = RNVectorIcons.xcodeproj; path = "../node_modules/react-native-vector-icons/RNVectorIcons.xcodeproj"; sourceTree = "<group>"; };
		638BBD9B1F1D32BA00A31B41 /* RCTAnimation.xcodeproj */ = {isa = PBXFileReference; lastKnownFileType = "wrapper.pb-project"; name = RCTAnimation.xcodeproj; path = "../node_modules/react-native/Libraries/NativeAnimation/RCTAnimation.xcodeproj"; sourceTree = "<group>"; };
		638BBDA41F1D32C300A31B41 /* AirMaps.xcodeproj */ = {isa = PBXFileReference; lastKnownFileType = "wrapper.pb-project"; name = AirMaps.xcodeproj; path = "../node_modules/react-native-maps/lib/ios/AirMaps.xcodeproj"; sourceTree = "<group>"; };
		638BBDAA1F1D32C900A31B41 /* RCTText.xcodeproj */ = {isa = PBXFileReference; lastKnownFileType = "wrapper.pb-project"; name = RCTText.xcodeproj; path = "../node_modules/react-native/Libraries/Text/RCTText.xcodeproj"; sourceTree = "<group>"; };
		638BBDB31F1D335500A31B41 /* Bolts.framework */ = {isa = PBXFileReference; lastKnownFileType = wrapper.framework; name = Bolts.framework; path = ../../../../../Documents/FacebookSDK/Bolts.framework; sourceTree = "<group>"; };
		63961A841E85DD0D0010F3E5 /* logo-just-otter.png */ = {isa = PBXFileReference; lastKnownFileType = image.png; name = "logo-just-otter.png"; path = "../img/logos/logo-just-otter.png"; sourceTree = "<group>"; };
		63B280721F72E7B700BF3DF6 /* FontAwesome.ttf */ = {isa = PBXFileReference; lastKnownFileType = file; name = FontAwesome.ttf; path = "../node_modules/react-native-vector-icons/Fonts/FontAwesome.ttf"; sourceTree = "<group>"; };
		63B280731F72E7B700BF3DF6 /* Ionicons.ttf */ = {isa = PBXFileReference; lastKnownFileType = file; name = Ionicons.ttf; path = "../node_modules/react-native-vector-icons/Fonts/Ionicons.ttf"; sourceTree = "<group>"; };
		63CA318A1DEAAF3600649B41 /* logo-on-brown-big.png */ = {isa = PBXFileReference; lastKnownFileType = image.png; name = "logo-on-brown-big.png"; path = "../img/logos/logo-on-brown-big.png"; sourceTree = "<group>"; };
		63F2135A1D9A063A001C8296 /* FBSDKCoreKit.framework */ = {isa = PBXFileReference; lastKnownFileType = wrapper.framework; name = FBSDKCoreKit.framework; path = ../../../../../Documents/FacebookSDK/FBSDKCoreKit.framework; sourceTree = "<group>"; };
		63F2135C1D9A0646001C8296 /* FBSDKLoginKit.framework */ = {isa = PBXFileReference; lastKnownFileType = wrapper.framework; name = FBSDKLoginKit.framework; path = ../../../../../Documents/FacebookSDK/FBSDKLoginKit.framework; sourceTree = "<group>"; };
		63F2135E1D9A064A001C8296 /* FBSDKShareKit.framework */ = {isa = PBXFileReference; lastKnownFileType = wrapper.framework; name = FBSDKShareKit.framework; path = ../../../../../Documents/FacebookSDK/FBSDKShareKit.framework; sourceTree = "<group>"; };
		743822A961DD3FBC715F7910 /* libPods-Bevegram-tvOS.a */ = {isa = PBXFileReference; explicitFileType = archive.ar; includeInIndex = 0; path = "libPods-Bevegram-tvOS.a"; sourceTree = BUILT_PRODUCTS_DIR; };
		7801AAB255EF92328C4FC37D /* Pods-Bevegram-tvOS.release.xcconfig */ = {isa = PBXFileReference; includeInIndex = 1; lastKnownFileType = text.xcconfig; name = "Pods-Bevegram-tvOS.release.xcconfig"; path = "Pods/Target Support Files/Pods-Bevegram-tvOS/Pods-Bevegram-tvOS.release.xcconfig"; sourceTree = "<group>"; };
		8C662295FD7240908A109321 /* Octicons.ttf */ = {isa = PBXFileReference; explicitFileType = undefined; fileEncoding = 9; includeInIndex = 0; lastKnownFileType = unknown; name = Octicons.ttf; path = "../node_modules/react-native-vector-icons/Fonts/Octicons.ttf"; sourceTree = "<group>"; };
		8E006D6AB9294E1EA5BDE712 /* Entypo.ttf */ = {isa = PBXFileReference; explicitFileType = undefined; fileEncoding = 9; includeInIndex = 0; lastKnownFileType = unknown; name = Entypo.ttf; path = "../node_modules/react-native-vector-icons/Fonts/Entypo.ttf"; sourceTree = "<group>"; };
		9A91BE57F9AE0A90CB2CCAB5 /* libPods-Bevegram.a */ = {isa = PBXFileReference; explicitFileType = archive.ar; includeInIndex = 0; path = "libPods-Bevegram.a"; sourceTree = BUILT_PRODUCTS_DIR; };
		A7E3FCE67CD34C43844C87BF /* SimpleLineIcons.ttf */ = {isa = PBXFileReference; explicitFileType = undefined; fileEncoding = 9; includeInIndex = 0; lastKnownFileType = unknown; name = SimpleLineIcons.ttf; path = "../node_modules/react-native-vector-icons/Fonts/SimpleLineIcons.ttf"; sourceTree = "<group>"; };
		AC9B99AAE531D47D6A5197E5 /* Pods-Bevegram-tvOSTests.release.xcconfig */ = {isa = PBXFileReference; includeInIndex = 1; lastKnownFileType = text.xcconfig; name = "Pods-Bevegram-tvOSTests.release.xcconfig"; path = "Pods/Target Support Files/Pods-Bevegram-tvOSTests/Pods-Bevegram-tvOSTests.release.xcconfig"; sourceTree = "<group>"; };
		B0D2C23B237FEE470C0DFA34 /* libPods-BevegramTests.a */ = {isa = PBXFileReference; explicitFileType = archive.ar; includeInIndex = 0; path = "libPods-BevegramTests.a"; sourceTree = BUILT_PRODUCTS_DIR; };
		D05A59C377A848F39C273FAB /* Foundation.ttf */ = {isa = PBXFileReference; explicitFileType = undefined; fileEncoding = 9; includeInIndex = 0; lastKnownFileType = unknown; name = Foundation.ttf; path = "../node_modules/react-native-vector-icons/Fonts/Foundation.ttf"; sourceTree = "<group>"; };
		D29D6533E5DE4C7B8C53365E /* MaterialIcons.ttf */ = {isa = PBXFileReference; explicitFileType = undefined; fileEncoding = 9; includeInIndex = 0; lastKnownFileType = unknown; name = MaterialIcons.ttf; path = "../node_modules/react-native-vector-icons/Fonts/MaterialIcons.ttf"; sourceTree = "<group>"; };
		D5C77E00F5674E8983CC2F3A /* Ionicons.ttf */ = {isa = PBXFileReference; explicitFileType = undefined; fileEncoding = 9; includeInIndex = 0; lastKnownFileType = unknown; name = Ionicons.ttf; path = "../node_modules/react-native-vector-icons/Fonts/Ionicons.ttf"; sourceTree = "<group>"; };
		F0A19285B9F2A74E4E20A940 /* Pods-BevegramTests.debug.xcconfig */ = {isa = PBXFileReference; includeInIndex = 1; lastKnownFileType = text.xcconfig; name = "Pods-BevegramTests.debug.xcconfig"; path = "Pods/Target Support Files/Pods-BevegramTests/Pods-BevegramTests.debug.xcconfig"; sourceTree = "<group>"; };
		FC390DC426768F78FE23C7B2 /* libPods-Bevegram-tvOSTests.a */ = {isa = PBXFileReference; explicitFileType = archive.ar; includeInIndex = 0; path = "libPods-Bevegram-tvOSTests.a"; sourceTree = BUILT_PRODUCTS_DIR; };
/* End PBXFileReference section */

/* Begin PBXFrameworksBuildPhase section */
		00E356EB1AD99517003FC87E /* Frameworks */ = {
			isa = PBXFrameworksBuildPhase;
			buildActionMask = 2147483647;
			files = (
				C49621FC6F5B4BDFE268D08A /* libPods-BevegramTests.a in Frameworks */,
			);
			runOnlyForDeploymentPostprocessing = 0;
		};
		13B07F8C1A680F5B00A75B9A /* Frameworks */ = {
			isa = PBXFrameworksBuildPhase;
			buildActionMask = 2147483647;
			files = (
				638BBDB51F1D339F00A31B41 /* libAirMaps.a in Frameworks */,
				638BBDB61F1D339F00A31B41 /* libcxxreact.a in Frameworks */,
				638BBDB71F1D339F00A31B41 /* libdouble-conversion.a in Frameworks */,
				638BBDB81F1D339F00A31B41 /* libjschelpers.a in Frameworks */,
				638BBDB91F1D339F00A31B41 /* libRCTActionSheet.a in Frameworks */,
				638BBDBA1F1D339F00A31B41 /* libRCTAnimation.a in Frameworks */,
				638BBDBB1F1D339F00A31B41 /* libRCTGeolocation.a in Frameworks */,
				638BBDBC1F1D339F00A31B41 /* libRCTImage.a in Frameworks */,
				638BBDBD1F1D339F00A31B41 /* libRCTLinking.a in Frameworks */,
				638BBDBE1F1D339F00A31B41 /* libRCTNetwork.a in Frameworks */,
				638BBDBF1F1D339F00A31B41 /* libRCTSettings.a in Frameworks */,
				638BBDC01F1D339F00A31B41 /* libRCTText.a in Frameworks */,
				638BBDC11F1D339F00A31B41 /* libRCTVibration.a in Frameworks */,
				638BBDC21F1D339F00A31B41 /* libRCTWebSocket.a in Frameworks */,
				638BBDC51F1D339F00A31B41 /* libyoga.a in Frameworks */,
				C479458B7A12C5ABD725B2B3 /* libPods-Bevegram.a in Frameworks */,
			);
			runOnlyForDeploymentPostprocessing = 0;
		};
		2D02E4781E0B4A5D006451C7 /* Frameworks */ = {
			isa = PBXFrameworksBuildPhase;
			buildActionMask = 2147483647;
			files = (
				2D02E4C21E0B4AEC006451C7 /* (null) in Frameworks */,
				2D02E4C31E0B4AEC006451C7 /* (null) in Frameworks */,
				2D02E4C41E0B4AEC006451C7 /* (null) in Frameworks */,
				2D02E4C51E0B4AEC006451C7 /* (null) in Frameworks */,
				2D02E4C61E0B4AEC006451C7 /* (null) in Frameworks */,
				2D02E4C71E0B4AEC006451C7 /* (null) in Frameworks */,
				2D02E4C81E0B4AEC006451C7 /* (null) in Frameworks */,
				49DB46BDC0743BA91725C4D7 /* libPods-Bevegram-tvOS.a in Frameworks */,
			);
			runOnlyForDeploymentPostprocessing = 0;
		};
		2D02E48D1E0B4A5D006451C7 /* Frameworks */ = {
			isa = PBXFrameworksBuildPhase;
			buildActionMask = 2147483647;
			files = (
				D5EAE8E63521D5DAB0E0D0AD /* libPods-Bevegram-tvOSTests.a in Frameworks */,
			);
			runOnlyForDeploymentPostprocessing = 0;
		};
/* End PBXFrameworksBuildPhase section */

/* Begin PBXGroup section */
		00E356EF1AD99517003FC87E /* BevegramTests */ = {
			isa = PBXGroup;
			children = (
				00E356F21AD99517003FC87E /* BevegramTests.m */,
				00E356F01AD99517003FC87E /* Supporting Files */,
			);
			path = BevegramTests;
			sourceTree = "<group>";
		};
		00E356F01AD99517003FC87E /* Supporting Files */ = {
			isa = PBXGroup;
			children = (
				00E356F11AD99517003FC87E /* Info.plist */,
			);
			name = "Supporting Files";
			sourceTree = "<group>";
		};
		13B07FAE1A68108700A75B9A /* Bevegram */ = {
			isa = PBXGroup;
			children = (
				6380F7391F3E68970067E18B /* GoogleService-Info.plist */,
				6359857F1D9D8B5A00B01B34 /* Bevegram.entitlements */,
				008F07F21AC5B25A0029DE68 /* main.jsbundle */,
				13B07FAF1A68108700A75B9A /* AppDelegate.h */,
				13B07FB01A68108700A75B9A /* AppDelegate.m */,
				13B07FB51A68108700A75B9A /* Images.xcassets */,
				13B07FB61A68108700A75B9A /* Info.plist */,
				13B07FB11A68108700A75B9A /* LaunchScreen.xib */,
				63961A841E85DD0D0010F3E5 /* logo-just-otter.png */,
				63CA318A1DEAAF3600649B41 /* logo-on-brown-big.png */,
				13B07FB71A68108700A75B9A /* main.m */,
			);
			name = Bevegram;
			sourceTree = "<group>";
		};
		6374FB6B1F58C70500C16B0E /* Products */ = {
			isa = PBXGroup;
			children = (
				6374FB6F1F58C70500C16B0E /* libRCTFBSDK.a */,
			);
			name = Products;
			sourceTree = "<group>";
		};
		638BBD2F1F1D31B100A31B41 /* Products */ = {
			isa = PBXGroup;
			children = (
				638BBD3C1F1D31B200A31B41 /* libReact.a */,
				638BBD3E1F1D31B200A31B41 /* libReact.a */,
				638BBD401F1D31B200A31B41 /* libyoga.a */,
				638BBD421F1D31B200A31B41 /* libyoga.a */,
				638BBD441F1D31B200A31B41 /* libcxxreact.a */,
				638BBD461F1D31B200A31B41 /* libcxxreact.a */,
				638BBD481F1D31B200A31B41 /* libjschelpers.a */,
				638BBD4A1F1D31B200A31B41 /* libjschelpers.a */,
				638BBD4C1F1D31B200A31B41 /* libthird-party.a */,
				6335E4D91F4811B100C7547E /* libthird-party.a */,
				638BBD4E1F1D31B200A31B41 /* libdouble-conversion.a */,
				6335E4DB1F4811B100C7547E /* libdouble-conversion.a */,
			);
			name = Products;
			sourceTree = "<group>";
		};
		638BBD501F1D31C800A31B41 /* Products */ = {
			isa = PBXGroup;
			children = (
				638BBD541F1D31C800A31B41 /* libRCTActionSheet.a */,
			);
			name = Products;
			sourceTree = "<group>";
		};
		638BBD561F1D31DC00A31B41 /* Products */ = {
			isa = PBXGroup;
			children = (
				638BBD5A1F1D31DC00A31B41 /* libRCTGeolocation.a */,
			);
			name = Products;
			sourceTree = "<group>";
		};
		638BBD5C1F1D31F200A31B41 /* Products */ = {
			isa = PBXGroup;
			children = (
				638BBD611F1D31F200A31B41 /* libRCTImage.a */,
				638BBD631F1D31F200A31B41 /* libRCTImage-tvOS.a */,
			);
			name = Products;
			sourceTree = "<group>";
		};
		638BBD651F1D320500A31B41 /* Products */ = {
			isa = PBXGroup;
			children = (
				638BBD6A1F1D320600A31B41 /* libRCTLinking.a */,
				638BBD6C1F1D320600A31B41 /* libRCTLinking-tvOS.a */,
			);
			name = Products;
			sourceTree = "<group>";
		};
		638BBD6E1F1D322100A31B41 /* Products */ = {
			isa = PBXGroup;
			children = (
				638BBD731F1D322100A31B41 /* libRCTNetwork.a */,
				638BBD751F1D322100A31B41 /* libRCTNetwork-tvOS.a */,
			);
			name = Products;
			sourceTree = "<group>";
		};
		638BBD771F1D323600A31B41 /* Products */ = {
			isa = PBXGroup;
			children = (
				638BBD7D1F1D323600A31B41 /* libRCTSettings.a */,
				638BBD7F1F1D323600A31B41 /* libRCTSettings-tvOS.a */,
			);
			name = Products;
			sourceTree = "<group>";
		};
		638BBD811F1D324C00A31B41 /* Products */ = {
			isa = PBXGroup;
			children = (
				638BBD851F1D324C00A31B41 /* libRCTVibration.a */,
			);
			name = Products;
			sourceTree = "<group>";
		};
		638BBD871F1D325F00A31B41 /* Products */ = {
			isa = PBXGroup;
			children = (
				638BBD8C1F1D325F00A31B41 /* libRCTWebSocket.a */,
				638BBD8E1F1D325F00A31B41 /* libRCTWebSocket-tvOS.a */,
			);
			name = Products;
			sourceTree = "<group>";
		};
		638BBD901F1D328900A31B41 /* Products */ = {
			isa = PBXGroup;
			children = (
				638BBD941F1D328900A31B41 /* libRNVectorIcons.a */,
			);
			name = Products;
			sourceTree = "<group>";
		};
		638BBD9C1F1D32BA00A31B41 /* Products */ = {
			isa = PBXGroup;
			children = (
				638BBDA11F1D32BA00A31B41 /* libRCTAnimation.a */,
				638BBDA31F1D32BA00A31B41 /* libRCTAnimation.a */,
			);
			name = Products;
			sourceTree = "<group>";
		};
		638BBDA51F1D32C300A31B41 /* Products */ = {
			isa = PBXGroup;
			children = (
				638BBDA91F1D32C300A31B41 /* libAirMaps.a */,
			);
			name = Products;
			sourceTree = "<group>";
		};
		638BBDAB1F1D32C900A31B41 /* Products */ = {
			isa = PBXGroup;
			children = (
				638BBDB01F1D32C900A31B41 /* libRCTText.a */,
				638BBDB21F1D32C900A31B41 /* libRCTText-tvOS.a */,
			);
			name = Products;
			sourceTree = "<group>";
		};
		63F213591D9A05EF001C8296 /* Frameworks */ = {
			isa = PBXGroup;
			children = (
				6374FB6A1F58C70500C16B0E /* RCTFBSDK.xcodeproj */,
				6374FB681F58C62B00C16B0E /* libBolts.a */,
				6374FB431F58C5FE00C16B0E /* libFBSDKCoreKit.a */,
				6374FB441F58C5FE00C16B0E /* libFBSDKLoginKit.a */,
				6374FB451F58C5FE00C16B0E /* libFBSDKShareKit.a */,
				638BBDB31F1D335500A31B41 /* Bolts.framework */,
				63F2135E1D9A064A001C8296 /* FBSDKShareKit.framework */,
				63F2135C1D9A0646001C8296 /* FBSDKLoginKit.framework */,
				63F2135A1D9A063A001C8296 /* FBSDKCoreKit.framework */,
				9A91BE57F9AE0A90CB2CCAB5 /* libPods-Bevegram.a */,
				743822A961DD3FBC715F7910 /* libPods-Bevegram-tvOS.a */,
				FC390DC426768F78FE23C7B2 /* libPods-Bevegram-tvOSTests.a */,
				B0D2C23B237FEE470C0DFA34 /* libPods-BevegramTests.a */,
			);
			name = Frameworks;
			sourceTree = "<group>";
		};
		832341AE1AAA6A7D00B99B32 /* Libraries */ = {
			isa = PBXGroup;
			children = (
				638BBDAA1F1D32C900A31B41 /* RCTText.xcodeproj */,
				638BBDA41F1D32C300A31B41 /* AirMaps.xcodeproj */,
				638BBD9B1F1D32BA00A31B41 /* RCTAnimation.xcodeproj */,
				638BBD8F1F1D328900A31B41 /* RNVectorIcons.xcodeproj */,
				638BBD861F1D325F00A31B41 /* RCTWebSocket.xcodeproj */,
				638BBD801F1D324C00A31B41 /* RCTVibration.xcodeproj */,
				638BBD761F1D323600A31B41 /* RCTSettings.xcodeproj */,
				638BBD6D1F1D322100A31B41 /* RCTNetwork.xcodeproj */,
				638BBD641F1D320500A31B41 /* RCTLinking.xcodeproj */,
				638BBD5B1F1D31F200A31B41 /* RCTImage.xcodeproj */,
				638BBD551F1D31DC00A31B41 /* RCTGeolocation.xcodeproj */,
				638BBD4F1F1D31C800A31B41 /* RCTActionSheet.xcodeproj */,
				638BBD2E1F1D31B100A31B41 /* React.xcodeproj */,
			);
			name = Libraries;
			sourceTree = "<group>";
		};
		83CBB9F61A601CBA00E9B192 = {
			isa = PBXGroup;
			children = (
				63B280721F72E7B700BF3DF6 /* FontAwesome.ttf */,
				63B280731F72E7B700BF3DF6 /* Ionicons.ttf */,
				631E72211F6C378100B87387 /* Roboto-Black.ttf */,
				631E72221F6C378100B87387 /* Roboto-Thin.ttf */,
				631E71C51F6B361A00B87387 /* Roboto-Regular.ttf */,
				631E71C61F6B361A00B87387 /* Roboto-Bold.ttf */,
				631E71C71F6B361A00B87387 /* Roboto-Light.ttf */,
				63F213591D9A05EF001C8296 /* Frameworks */,
				13B07FAE1A68108700A75B9A /* Bevegram */,
				832341AE1AAA6A7D00B99B32 /* Libraries */,
				00E356EF1AD99517003FC87E /* BevegramTests */,
				83CBBA001A601CBA00E9B192 /* Products */,
				A8C7684CBFA94AF084B09779 /* Resources */,
				8A772EF992A87CB9C74ADF3E /* Pods */,
			);
			indentWidth = 2;
			sourceTree = "<group>";
			tabWidth = 2;
		};
		83CBBA001A601CBA00E9B192 /* Products */ = {
			isa = PBXGroup;
			children = (
				13B07F961A680F5B00A75B9A /* BuzzOtter.app */,
				00E356EE1AD99517003FC87E /* BevegramTests.xctest */,
				2D02E47B1E0B4A5D006451C7 /* Bevegram-tvOS.app */,
				2D02E4901E0B4A5D006451C7 /* Bevegram-tvOSTests.xctest */,
			);
			name = Products;
			sourceTree = "<group>";
		};
		8A772EF992A87CB9C74ADF3E /* Pods */ = {
			isa = PBXGroup;
			children = (
				54EE01F48644C700D4B3F3D8 /* Pods-Bevegram.debug.xcconfig */,
				4649E7A0A24ECFC2A4A4B297 /* Pods-Bevegram.release.xcconfig */,
				3C6D94D203CD5460997F63C4 /* Pods-Bevegram-tvOS.debug.xcconfig */,
				7801AAB255EF92328C4FC37D /* Pods-Bevegram-tvOS.release.xcconfig */,
				249678DC98149B762683661C /* Pods-Bevegram-tvOSTests.debug.xcconfig */,
				AC9B99AAE531D47D6A5197E5 /* Pods-Bevegram-tvOSTests.release.xcconfig */,
				F0A19285B9F2A74E4E20A940 /* Pods-BevegramTests.debug.xcconfig */,
				24DF2E2E69D782E8A6AC37F5 /* Pods-BevegramTests.release.xcconfig */,
			);
			name = Pods;
			sourceTree = "<group>";
		};
		A8C7684CBFA94AF084B09779 /* Resources */ = {
			isa = PBXGroup;
			children = (
				8E006D6AB9294E1EA5BDE712 /* Entypo.ttf */,
				539BF34DC84E402DABA83CDE /* EvilIcons.ttf */,
				1F2FB586CBF547CC97FB0AB7 /* FontAwesome.ttf */,
				D05A59C377A848F39C273FAB /* Foundation.ttf */,
				D5C77E00F5674E8983CC2F3A /* Ionicons.ttf */,
				D29D6533E5DE4C7B8C53365E /* MaterialIcons.ttf */,
				8C662295FD7240908A109321 /* Octicons.ttf */,
				A7E3FCE67CD34C43844C87BF /* SimpleLineIcons.ttf */,
				05FEB03CFB724FCCA0ED56D9 /* Zocial.ttf */,
			);
			name = Resources;
			sourceTree = "<group>";
		};
/* End PBXGroup section */

/* Begin PBXNativeTarget section */
		00E356ED1AD99517003FC87E /* BevegramTests */ = {
			isa = PBXNativeTarget;
			buildConfigurationList = 00E357021AD99517003FC87E /* Build configuration list for PBXNativeTarget "BevegramTests" */;
			buildPhases = (
				84ACF3B0E7B05A1FDCCA8FBA /* [CP] Check Pods Manifest.lock */,
				00E356EA1AD99517003FC87E /* Sources */,
				00E356EB1AD99517003FC87E /* Frameworks */,
				00E356EC1AD99517003FC87E /* Resources */,
				6D1F19718FC18DB468331848 /* [CP] Embed Pods Frameworks */,
				46B66408FC2310A45993D6F3 /* [CP] Copy Pods Resources */,
			);
			buildRules = (
			);
			dependencies = (
				00E356F51AD99517003FC87E /* PBXTargetDependency */,
			);
			name = BevegramTests;
			productName = BevegramTests;
			productReference = 00E356EE1AD99517003FC87E /* BevegramTests.xctest */;
			productType = "com.apple.product-type.bundle.unit-test";
		};
		13B07F861A680F5B00A75B9A /* Bevegram */ = {
			isa = PBXNativeTarget;
			buildConfigurationList = 13B07F931A680F5B00A75B9A /* Build configuration list for PBXNativeTarget "Bevegram" */;
			buildPhases = (
				E40F1CB17C59E06F4FED79FA /* [CP] Check Pods Manifest.lock */,
				13B07F871A680F5B00A75B9A /* Sources */,
				13B07F8C1A680F5B00A75B9A /* Frameworks */,
				13B07F8E1A680F5B00A75B9A /* Resources */,
				00DD1BFF1BD5951E006B06BC /* Bundle React Native code and images */,
				2DC61D8FD92127BB447B7B04 /* [CP] Embed Pods Frameworks */,
				3715AD5421D083A26CCBBDEB /* [CP] Copy Pods Resources */,
			);
			buildRules = (
			);
			dependencies = (
			);
			name = Bevegram;
			productName = "Hello World";
			productReference = 13B07F961A680F5B00A75B9A /* BuzzOtter.app */;
			productType = "com.apple.product-type.application";
		};
		2D02E47A1E0B4A5D006451C7 /* Bevegram-tvOS */ = {
			isa = PBXNativeTarget;
			buildConfigurationList = 2D02E4BA1E0B4A5E006451C7 /* Build configuration list for PBXNativeTarget "Bevegram-tvOS" */;
			buildPhases = (
				C970632BC21F9DBD741E88FA /* [CP] Check Pods Manifest.lock */,
				2D02E4771E0B4A5D006451C7 /* Sources */,
				2D02E4781E0B4A5D006451C7 /* Frameworks */,
				2D02E4791E0B4A5D006451C7 /* Resources */,
				2D02E4CB1E0B4B27006451C7 /* Bundle React Native Code And Images */,
				7677D8E4779E345DCAA514EE /* [CP] Embed Pods Frameworks */,
				8C7670016541F712E5388FC4 /* [CP] Copy Pods Resources */,
			);
			buildRules = (
			);
			dependencies = (
			);
			name = "Bevegram-tvOS";
			productName = "Bevegram-tvOS";
			productReference = 2D02E47B1E0B4A5D006451C7 /* Bevegram-tvOS.app */;
			productType = "com.apple.product-type.application";
		};
		2D02E48F1E0B4A5D006451C7 /* Bevegram-tvOSTests */ = {
			isa = PBXNativeTarget;
			buildConfigurationList = 2D02E4BB1E0B4A5E006451C7 /* Build configuration list for PBXNativeTarget "Bevegram-tvOSTests" */;
			buildPhases = (
				59B3521EF4C566B30C730984 /* [CP] Check Pods Manifest.lock */,
				2D02E48C1E0B4A5D006451C7 /* Sources */,
				2D02E48D1E0B4A5D006451C7 /* Frameworks */,
				2D02E48E1E0B4A5D006451C7 /* Resources */,
				0CB3977AFCB20DC648CABF3F /* [CP] Embed Pods Frameworks */,
				35EF08DBA7B4AE916D66FBDB /* [CP] Copy Pods Resources */,
			);
			buildRules = (
			);
			dependencies = (
				2D02E4921E0B4A5D006451C7 /* PBXTargetDependency */,
			);
			name = "Bevegram-tvOSTests";
			productName = "Bevegram-tvOSTests";
			productReference = 2D02E4901E0B4A5D006451C7 /* Bevegram-tvOSTests.xctest */;
			productType = "com.apple.product-type.bundle.unit-test";
		};
/* End PBXNativeTarget section */

/* Begin PBXProject section */
		83CBB9F71A601CBA00E9B192 /* Project object */ = {
			isa = PBXProject;
			attributes = {
				LastUpgradeCheck = 610;
				ORGANIZATIONNAME = Facebook;
				TargetAttributes = {
					00E356ED1AD99517003FC87E = {
						CreatedOnToolsVersion = 6.2;
						DevelopmentTeam = 4XG6FT5QB4;
						TestTargetID = 13B07F861A680F5B00A75B9A;
					};
					13B07F861A680F5B00A75B9A = {
						DevelopmentTeam = 5G8V6X4NMP;
						SystemCapabilities = {
							com.apple.BackgroundModes = {
								enabled = 1;
							};
							com.apple.Keychain = {
								enabled = 0;
							};
							com.apple.Push = {
								enabled = 1;
							};
						};
					};
				};
			};
			buildConfigurationList = 83CBB9FA1A601CBA00E9B192 /* Build configuration list for PBXProject "Bevegram" */;
			compatibilityVersion = "Xcode 3.2";
			developmentRegion = English;
			hasScannedForEncodings = 0;
			knownRegions = (
				en,
				Base,
			);
			mainGroup = 83CBB9F61A601CBA00E9B192;
			productRefGroup = 83CBBA001A601CBA00E9B192 /* Products */;
			projectDirPath = "";
			projectReferences = (
				{
					ProductGroup = 638BBDA51F1D32C300A31B41 /* Products */;
					ProjectRef = 638BBDA41F1D32C300A31B41 /* AirMaps.xcodeproj */;
				},
				{
					ProductGroup = 638BBD501F1D31C800A31B41 /* Products */;
					ProjectRef = 638BBD4F1F1D31C800A31B41 /* RCTActionSheet.xcodeproj */;
				},
				{
					ProductGroup = 638BBD9C1F1D32BA00A31B41 /* Products */;
					ProjectRef = 638BBD9B1F1D32BA00A31B41 /* RCTAnimation.xcodeproj */;
				},
				{
					ProductGroup = 6374FB6B1F58C70500C16B0E /* Products */;
					ProjectRef = 6374FB6A1F58C70500C16B0E /* RCTFBSDK.xcodeproj */;
				},
				{
					ProductGroup = 638BBD561F1D31DC00A31B41 /* Products */;
					ProjectRef = 638BBD551F1D31DC00A31B41 /* RCTGeolocation.xcodeproj */;
				},
				{
					ProductGroup = 638BBD5C1F1D31F200A31B41 /* Products */;
					ProjectRef = 638BBD5B1F1D31F200A31B41 /* RCTImage.xcodeproj */;
				},
				{
					ProductGroup = 638BBD651F1D320500A31B41 /* Products */;
					ProjectRef = 638BBD641F1D320500A31B41 /* RCTLinking.xcodeproj */;
				},
				{
					ProductGroup = 638BBD6E1F1D322100A31B41 /* Products */;
					ProjectRef = 638BBD6D1F1D322100A31B41 /* RCTNetwork.xcodeproj */;
				},
				{
					ProductGroup = 638BBD771F1D323600A31B41 /* Products */;
					ProjectRef = 638BBD761F1D323600A31B41 /* RCTSettings.xcodeproj */;
				},
				{
					ProductGroup = 638BBDAB1F1D32C900A31B41 /* Products */;
					ProjectRef = 638BBDAA1F1D32C900A31B41 /* RCTText.xcodeproj */;
				},
				{
					ProductGroup = 638BBD811F1D324C00A31B41 /* Products */;
					ProjectRef = 638BBD801F1D324C00A31B41 /* RCTVibration.xcodeproj */;
				},
				{
					ProductGroup = 638BBD871F1D325F00A31B41 /* Products */;
					ProjectRef = 638BBD861F1D325F00A31B41 /* RCTWebSocket.xcodeproj */;
				},
				{
					ProductGroup = 638BBD2F1F1D31B100A31B41 /* Products */;
					ProjectRef = 638BBD2E1F1D31B100A31B41 /* React.xcodeproj */;
				},
				{
					ProductGroup = 638BBD901F1D328900A31B41 /* Products */;
					ProjectRef = 638BBD8F1F1D328900A31B41 /* RNVectorIcons.xcodeproj */;
				},
			);
			projectRoot = "";
			targets = (
				13B07F861A680F5B00A75B9A /* Bevegram */,
				00E356ED1AD99517003FC87E /* BevegramTests */,
				2D02E47A1E0B4A5D006451C7 /* Bevegram-tvOS */,
				2D02E48F1E0B4A5D006451C7 /* Bevegram-tvOSTests */,
			);
		};
/* End PBXProject section */

/* Begin PBXReferenceProxy section */
		6335E4D91F4811B100C7547E /* libthird-party.a */ = {
			isa = PBXReferenceProxy;
			fileType = archive.ar;
			path = "libthird-party.a";
			remoteRef = 6335E4D81F4811B100C7547E /* PBXContainerItemProxy */;
			sourceTree = BUILT_PRODUCTS_DIR;
		};
		6335E4DB1F4811B100C7547E /* libdouble-conversion.a */ = {
			isa = PBXReferenceProxy;
			fileType = archive.ar;
			path = "libdouble-conversion.a";
			remoteRef = 6335E4DA1F4811B100C7547E /* PBXContainerItemProxy */;
			sourceTree = BUILT_PRODUCTS_DIR;
		};
		6374FB6F1F58C70500C16B0E /* libRCTFBSDK.a */ = {
			isa = PBXReferenceProxy;
			fileType = archive.ar;
			path = libRCTFBSDK.a;
			remoteRef = 6374FB6E1F58C70500C16B0E /* PBXContainerItemProxy */;
			sourceTree = BUILT_PRODUCTS_DIR;
		};
		638BBD3C1F1D31B200A31B41 /* libReact.a */ = {
			isa = PBXReferenceProxy;
			fileType = archive.ar;
			path = libReact.a;
			remoteRef = 638BBD3B1F1D31B200A31B41 /* PBXContainerItemProxy */;
			sourceTree = BUILT_PRODUCTS_DIR;
		};
		638BBD3E1F1D31B200A31B41 /* libReact.a */ = {
			isa = PBXReferenceProxy;
			fileType = archive.ar;
			path = libReact.a;
			remoteRef = 638BBD3D1F1D31B200A31B41 /* PBXContainerItemProxy */;
			sourceTree = BUILT_PRODUCTS_DIR;
		};
		638BBD401F1D31B200A31B41 /* libyoga.a */ = {
			isa = PBXReferenceProxy;
			fileType = archive.ar;
			path = libyoga.a;
			remoteRef = 638BBD3F1F1D31B200A31B41 /* PBXContainerItemProxy */;
			sourceTree = BUILT_PRODUCTS_DIR;
		};
		638BBD421F1D31B200A31B41 /* libyoga.a */ = {
			isa = PBXReferenceProxy;
			fileType = archive.ar;
			path = libyoga.a;
			remoteRef = 638BBD411F1D31B200A31B41 /* PBXContainerItemProxy */;
			sourceTree = BUILT_PRODUCTS_DIR;
		};
		638BBD441F1D31B200A31B41 /* libcxxreact.a */ = {
			isa = PBXReferenceProxy;
			fileType = archive.ar;
			path = libcxxreact.a;
			remoteRef = 638BBD431F1D31B200A31B41 /* PBXContainerItemProxy */;
			sourceTree = BUILT_PRODUCTS_DIR;
		};
		638BBD461F1D31B200A31B41 /* libcxxreact.a */ = {
			isa = PBXReferenceProxy;
			fileType = archive.ar;
			path = libcxxreact.a;
			remoteRef = 638BBD451F1D31B200A31B41 /* PBXContainerItemProxy */;
			sourceTree = BUILT_PRODUCTS_DIR;
		};
		638BBD481F1D31B200A31B41 /* libjschelpers.a */ = {
			isa = PBXReferenceProxy;
			fileType = archive.ar;
			path = libjschelpers.a;
			remoteRef = 638BBD471F1D31B200A31B41 /* PBXContainerItemProxy */;
			sourceTree = BUILT_PRODUCTS_DIR;
		};
		638BBD4A1F1D31B200A31B41 /* libjschelpers.a */ = {
			isa = PBXReferenceProxy;
			fileType = archive.ar;
			path = libjschelpers.a;
			remoteRef = 638BBD491F1D31B200A31B41 /* PBXContainerItemProxy */;
			sourceTree = BUILT_PRODUCTS_DIR;
		};
		638BBD4C1F1D31B200A31B41 /* libthird-party.a */ = {
			isa = PBXReferenceProxy;
			fileType = archive.ar;
			path = "libthird-party.a";
			remoteRef = 638BBD4B1F1D31B200A31B41 /* PBXContainerItemProxy */;
			sourceTree = BUILT_PRODUCTS_DIR;
		};
		638BBD4E1F1D31B200A31B41 /* libdouble-conversion.a */ = {
			isa = PBXReferenceProxy;
			fileType = archive.ar;
			path = "libdouble-conversion.a";
			remoteRef = 638BBD4D1F1D31B200A31B41 /* PBXContainerItemProxy */;
			sourceTree = BUILT_PRODUCTS_DIR;
		};
		638BBD541F1D31C800A31B41 /* libRCTActionSheet.a */ = {
			isa = PBXReferenceProxy;
			fileType = archive.ar;
			path = libRCTActionSheet.a;
			remoteRef = 638BBD531F1D31C800A31B41 /* PBXContainerItemProxy */;
			sourceTree = BUILT_PRODUCTS_DIR;
		};
		638BBD5A1F1D31DC00A31B41 /* libRCTGeolocation.a */ = {
			isa = PBXReferenceProxy;
			fileType = archive.ar;
			path = libRCTGeolocation.a;
			remoteRef = 638BBD591F1D31DC00A31B41 /* PBXContainerItemProxy */;
			sourceTree = BUILT_PRODUCTS_DIR;
		};
		638BBD611F1D31F200A31B41 /* libRCTImage.a */ = {
			isa = PBXReferenceProxy;
			fileType = archive.ar;
			path = libRCTImage.a;
			remoteRef = 638BBD601F1D31F200A31B41 /* PBXContainerItemProxy */;
			sourceTree = BUILT_PRODUCTS_DIR;
		};
		638BBD631F1D31F200A31B41 /* libRCTImage-tvOS.a */ = {
			isa = PBXReferenceProxy;
			fileType = archive.ar;
			path = "libRCTImage-tvOS.a";
			remoteRef = 638BBD621F1D31F200A31B41 /* PBXContainerItemProxy */;
			sourceTree = BUILT_PRODUCTS_DIR;
		};
		638BBD6A1F1D320600A31B41 /* libRCTLinking.a */ = {
			isa = PBXReferenceProxy;
			fileType = archive.ar;
			path = libRCTLinking.a;
			remoteRef = 638BBD691F1D320600A31B41 /* PBXContainerItemProxy */;
			sourceTree = BUILT_PRODUCTS_DIR;
		};
		638BBD6C1F1D320600A31B41 /* libRCTLinking-tvOS.a */ = {
			isa = PBXReferenceProxy;
			fileType = archive.ar;
			path = "libRCTLinking-tvOS.a";
			remoteRef = 638BBD6B1F1D320600A31B41 /* PBXContainerItemProxy */;
			sourceTree = BUILT_PRODUCTS_DIR;
		};
		638BBD731F1D322100A31B41 /* libRCTNetwork.a */ = {
			isa = PBXReferenceProxy;
			fileType = archive.ar;
			path = libRCTNetwork.a;
			remoteRef = 638BBD721F1D322100A31B41 /* PBXContainerItemProxy */;
			sourceTree = BUILT_PRODUCTS_DIR;
		};
		638BBD751F1D322100A31B41 /* libRCTNetwork-tvOS.a */ = {
			isa = PBXReferenceProxy;
			fileType = archive.ar;
			path = "libRCTNetwork-tvOS.a";
			remoteRef = 638BBD741F1D322100A31B41 /* PBXContainerItemProxy */;
			sourceTree = BUILT_PRODUCTS_DIR;
		};
		638BBD7D1F1D323600A31B41 /* libRCTSettings.a */ = {
			isa = PBXReferenceProxy;
			fileType = archive.ar;
			path = libRCTSettings.a;
			remoteRef = 638BBD7C1F1D323600A31B41 /* PBXContainerItemProxy */;
			sourceTree = BUILT_PRODUCTS_DIR;
		};
		638BBD7F1F1D323600A31B41 /* libRCTSettings-tvOS.a */ = {
			isa = PBXReferenceProxy;
			fileType = archive.ar;
			path = "libRCTSettings-tvOS.a";
			remoteRef = 638BBD7E1F1D323600A31B41 /* PBXContainerItemProxy */;
			sourceTree = BUILT_PRODUCTS_DIR;
		};
		638BBD851F1D324C00A31B41 /* libRCTVibration.a */ = {
			isa = PBXReferenceProxy;
			fileType = archive.ar;
			path = libRCTVibration.a;
			remoteRef = 638BBD841F1D324C00A31B41 /* PBXContainerItemProxy */;
			sourceTree = BUILT_PRODUCTS_DIR;
		};
		638BBD8C1F1D325F00A31B41 /* libRCTWebSocket.a */ = {
			isa = PBXReferenceProxy;
			fileType = archive.ar;
			path = libRCTWebSocket.a;
			remoteRef = 638BBD8B1F1D325F00A31B41 /* PBXContainerItemProxy */;
			sourceTree = BUILT_PRODUCTS_DIR;
		};
		638BBD8E1F1D325F00A31B41 /* libRCTWebSocket-tvOS.a */ = {
			isa = PBXReferenceProxy;
			fileType = archive.ar;
			path = "libRCTWebSocket-tvOS.a";
			remoteRef = 638BBD8D1F1D325F00A31B41 /* PBXContainerItemProxy */;
			sourceTree = BUILT_PRODUCTS_DIR;
		};
		638BBD941F1D328900A31B41 /* libRNVectorIcons.a */ = {
			isa = PBXReferenceProxy;
			fileType = archive.ar;
			path = libRNVectorIcons.a;
			remoteRef = 638BBD931F1D328900A31B41 /* PBXContainerItemProxy */;
			sourceTree = BUILT_PRODUCTS_DIR;
		};
		638BBDA11F1D32BA00A31B41 /* libRCTAnimation.a */ = {
			isa = PBXReferenceProxy;
			fileType = archive.ar;
			path = libRCTAnimation.a;
			remoteRef = 638BBDA01F1D32BA00A31B41 /* PBXContainerItemProxy */;
			sourceTree = BUILT_PRODUCTS_DIR;
		};
		638BBDA31F1D32BA00A31B41 /* libRCTAnimation.a */ = {
			isa = PBXReferenceProxy;
			fileType = archive.ar;
			path = libRCTAnimation.a;
			remoteRef = 638BBDA21F1D32BA00A31B41 /* PBXContainerItemProxy */;
			sourceTree = BUILT_PRODUCTS_DIR;
		};
		638BBDA91F1D32C300A31B41 /* libAirMaps.a */ = {
			isa = PBXReferenceProxy;
			fileType = archive.ar;
			path = libAirMaps.a;
			remoteRef = 638BBDA81F1D32C300A31B41 /* PBXContainerItemProxy */;
			sourceTree = BUILT_PRODUCTS_DIR;
		};
		638BBDB01F1D32C900A31B41 /* libRCTText.a */ = {
			isa = PBXReferenceProxy;
			fileType = archive.ar;
			path = libRCTText.a;
			remoteRef = 638BBDAF1F1D32C900A31B41 /* PBXContainerItemProxy */;
			sourceTree = BUILT_PRODUCTS_DIR;
		};
		638BBDB21F1D32C900A31B41 /* libRCTText-tvOS.a */ = {
			isa = PBXReferenceProxy;
			fileType = archive.ar;
			path = "libRCTText-tvOS.a";
			remoteRef = 638BBDB11F1D32C900A31B41 /* PBXContainerItemProxy */;
			sourceTree = BUILT_PRODUCTS_DIR;
		};
/* End PBXReferenceProxy section */

/* Begin PBXResourcesBuildPhase section */
		00E356EC1AD99517003FC87E /* Resources */ = {
			isa = PBXResourcesBuildPhase;
			buildActionMask = 2147483647;
			files = (
				6380F73B1F3E6DCC0067E18B /* GoogleService-Info.plist in Resources */,
			);
			runOnlyForDeploymentPostprocessing = 0;
		};
		13B07F8E1A680F5B00A75B9A /* Resources */ = {
			isa = PBXResourcesBuildPhase;
			buildActionMask = 2147483647;
			files = (
				63B280741F72E7B700BF3DF6 /* FontAwesome.ttf in Resources */,
				63B280751F72E7B700BF3DF6 /* Ionicons.ttf in Resources */,
				631E72231F6C378100B87387 /* Roboto-Black.ttf in Resources */,
				631E72241F6C378100B87387 /* Roboto-Thin.ttf in Resources */,
				631E71CB1F6B361A00B87387 /* Roboto-Regular.ttf in Resources */,
				631E71CC1F6B361A00B87387 /* Roboto-Bold.ttf in Resources */,
				631E71CD1F6B361A00B87387 /* Roboto-Light.ttf in Resources */,
				63961A851E85DD0D0010F3E5 /* logo-just-otter.png in Resources */,
				13B07FBF1A68108700A75B9A /* Images.xcassets in Resources */,
				13B07FBD1A68108700A75B9A /* LaunchScreen.xib in Resources */,
				63CA318B1DEAAF3600649B41 /* logo-on-brown-big.png in Resources */,
				6380F73A1F3E68970067E18B /* GoogleService-Info.plist in Resources */,
			);
			runOnlyForDeploymentPostprocessing = 0;
		};
		2D02E4791E0B4A5D006451C7 /* Resources */ = {
			isa = PBXResourcesBuildPhase;
			buildActionMask = 2147483647;
			files = (
				6380F73C1F3E6DCC0067E18B /* GoogleService-Info.plist in Resources */,
			);
			runOnlyForDeploymentPostprocessing = 0;
		};
		2D02E48E1E0B4A5D006451C7 /* Resources */ = {
			isa = PBXResourcesBuildPhase;
			buildActionMask = 2147483647;
			files = (
				6380F73D1F3E6DCD0067E18B /* GoogleService-Info.plist in Resources */,
			);
			runOnlyForDeploymentPostprocessing = 0;
		};
/* End PBXResourcesBuildPhase section */

/* Begin PBXShellScriptBuildPhase section */
		00DD1BFF1BD5951E006B06BC /* Bundle React Native code and images */ = {
			isa = PBXShellScriptBuildPhase;
			buildActionMask = 2147483647;
			files = (
			);
			inputPaths = (
			);
			name = "Bundle React Native code and images";
			outputPaths = (
			);
			runOnlyForDeploymentPostprocessing = 0;
			shellPath = /bin/sh;
			shellScript = "export NODE_BINARY=node\n../node_modules/react-native/scripts/react-native-xcode.sh";
		};
		0CB3977AFCB20DC648CABF3F /* [CP] Embed Pods Frameworks */ = {
			isa = PBXShellScriptBuildPhase;
			buildActionMask = 2147483647;
			files = (
			);
			inputPaths = (
			);
			name = "[CP] Embed Pods Frameworks";
			outputPaths = (
			);
			runOnlyForDeploymentPostprocessing = 0;
			shellPath = /bin/sh;
			shellScript = "\"${SRCROOT}/Pods/Target Support Files/Pods-Bevegram-tvOSTests/Pods-Bevegram-tvOSTests-frameworks.sh\"\n";
			showEnvVarsInLog = 0;
		};
		2D02E4CB1E0B4B27006451C7 /* Bundle React Native Code And Images */ = {
			isa = PBXShellScriptBuildPhase;
			buildActionMask = 2147483647;
			files = (
			);
			inputPaths = (
			);
			name = "Bundle React Native Code And Images";
			outputPaths = (
			);
			runOnlyForDeploymentPostprocessing = 0;
			shellPath = /bin/sh;
			shellScript = "export NODE_BINARY=node\n../node_modules/react-native/packager/react-native-xcode.sh";
		};
		2DC61D8FD92127BB447B7B04 /* [CP] Embed Pods Frameworks */ = {
			isa = PBXShellScriptBuildPhase;
			buildActionMask = 2147483647;
			files = (
			);
			inputPaths = (
			);
			name = "[CP] Embed Pods Frameworks";
			outputPaths = (
			);
			runOnlyForDeploymentPostprocessing = 0;
			shellPath = /bin/sh;
			shellScript = "\"${SRCROOT}/Pods/Target Support Files/Pods-Bevegram/Pods-Bevegram-frameworks.sh\"\n";
			showEnvVarsInLog = 0;
		};
		35EF08DBA7B4AE916D66FBDB /* [CP] Copy Pods Resources */ = {
			isa = PBXShellScriptBuildPhase;
			buildActionMask = 2147483647;
			files = (
			);
			inputPaths = (
			);
			name = "[CP] Copy Pods Resources";
			outputPaths = (
			);
			runOnlyForDeploymentPostprocessing = 0;
			shellPath = /bin/sh;
			shellScript = "\"${SRCROOT}/Pods/Target Support Files/Pods-Bevegram-tvOSTests/Pods-Bevegram-tvOSTests-resources.sh\"\n";
			showEnvVarsInLog = 0;
		};
		3715AD5421D083A26CCBBDEB /* [CP] Copy Pods Resources */ = {
			isa = PBXShellScriptBuildPhase;
			buildActionMask = 2147483647;
			files = (
			);
			inputPaths = (
				"${SRCROOT}/Pods/Target Support Files/Pods-Bevegram/Pods-Bevegram-resources.sh",
				"${PODS_ROOT}/FBSDKCoreKit/FacebookSDKStrings.bundle",
				"${PODS_ROOT}/../../node_modules/react-native-vector-icons/Fonts/Entypo.ttf",
				"${PODS_ROOT}/../../node_modules/react-native-vector-icons/Fonts/EvilIcons.ttf",
				"${PODS_ROOT}/../../node_modules/react-native-vector-icons/Fonts/Feather.ttf",
				"${PODS_ROOT}/../../node_modules/react-native-vector-icons/Fonts/FontAwesome.ttf",
				"${PODS_ROOT}/../../node_modules/react-native-vector-icons/Fonts/Foundation.ttf",
				"${PODS_ROOT}/../../node_modules/react-native-vector-icons/Fonts/Ionicons.ttf",
				"${PODS_ROOT}/../../node_modules/react-native-vector-icons/Fonts/MaterialCommunityIcons.ttf",
				"${PODS_ROOT}/../../node_modules/react-native-vector-icons/Fonts/MaterialIcons.ttf",
				"${PODS_ROOT}/../../node_modules/react-native-vector-icons/Fonts/Octicons.ttf",
				"${PODS_ROOT}/../../node_modules/react-native-vector-icons/Fonts/SimpleLineIcons.ttf",
				"${PODS_ROOT}/../../node_modules/react-native-vector-icons/Fonts/Zocial.ttf",
			);
			name = "[CP] Copy Pods Resources";
			outputPaths = (
				"${TARGET_BUILD_DIR}/${UNLOCALIZED_RESOURCES_FOLDER_PATH}",
			);
			runOnlyForDeploymentPostprocessing = 0;
			shellPath = /bin/sh;
			shellScript = "\"${SRCROOT}/Pods/Target Support Files/Pods-Bevegram/Pods-Bevegram-resources.sh\"\n";
			showEnvVarsInLog = 0;
		};
		46B66408FC2310A45993D6F3 /* [CP] Copy Pods Resources */ = {
			isa = PBXShellScriptBuildPhase;
			buildActionMask = 2147483647;
			files = (
			);
			inputPaths = (
			);
			name = "[CP] Copy Pods Resources";
			outputPaths = (
			);
			runOnlyForDeploymentPostprocessing = 0;
			shellPath = /bin/sh;
			shellScript = "\"${SRCROOT}/Pods/Target Support Files/Pods-BevegramTests/Pods-BevegramTests-resources.sh\"\n";
			showEnvVarsInLog = 0;
		};
		59B3521EF4C566B30C730984 /* [CP] Check Pods Manifest.lock */ = {
			isa = PBXShellScriptBuildPhase;
			buildActionMask = 2147483647;
			files = (
			);
			inputPaths = (
				"${PODS_PODFILE_DIR_PATH}/Podfile.lock",
				"${PODS_ROOT}/Manifest.lock",
			);
			name = "[CP] Check Pods Manifest.lock";
			outputPaths = (
				"$(DERIVED_FILE_DIR)/Pods-Bevegram-tvOSTests-checkManifestLockResult.txt",
			);
			runOnlyForDeploymentPostprocessing = 0;
			shellPath = /bin/sh;
			shellScript = "diff \"${PODS_PODFILE_DIR_PATH}/Podfile.lock\" \"${PODS_ROOT}/Manifest.lock\" > /dev/null\nif [ $? != 0 ] ; then\n    # print error to STDERR\n    echo \"error: The sandbox is not in sync with the Podfile.lock. Run 'pod install' or update your CocoaPods installation.\" >&2\n    exit 1\nfi\n# This output is used by Xcode 'outputs' to avoid re-running this script phase.\necho \"SUCCESS\" > \"${SCRIPT_OUTPUT_FILE_0}\"\n";
			showEnvVarsInLog = 0;
		};
		6D1F19718FC18DB468331848 /* [CP] Embed Pods Frameworks */ = {
			isa = PBXShellScriptBuildPhase;
			buildActionMask = 2147483647;
			files = (
			);
			inputPaths = (
			);
			name = "[CP] Embed Pods Frameworks";
			outputPaths = (
			);
			runOnlyForDeploymentPostprocessing = 0;
			shellPath = /bin/sh;
			shellScript = "\"${SRCROOT}/Pods/Target Support Files/Pods-BevegramTests/Pods-BevegramTests-frameworks.sh\"\n";
			showEnvVarsInLog = 0;
		};
		7677D8E4779E345DCAA514EE /* [CP] Embed Pods Frameworks */ = {
			isa = PBXShellScriptBuildPhase;
			buildActionMask = 2147483647;
			files = (
			);
			inputPaths = (
			);
			name = "[CP] Embed Pods Frameworks";
			outputPaths = (
			);
			runOnlyForDeploymentPostprocessing = 0;
			shellPath = /bin/sh;
			shellScript = "\"${SRCROOT}/Pods/Target Support Files/Pods-Bevegram-tvOS/Pods-Bevegram-tvOS-frameworks.sh\"\n";
			showEnvVarsInLog = 0;
		};
		84ACF3B0E7B05A1FDCCA8FBA /* [CP] Check Pods Manifest.lock */ = {
			isa = PBXShellScriptBuildPhase;
			buildActionMask = 2147483647;
			files = (
			);
			inputPaths = (
				"${PODS_PODFILE_DIR_PATH}/Podfile.lock",
				"${PODS_ROOT}/Manifest.lock",
			);
			name = "[CP] Check Pods Manifest.lock";
			outputPaths = (
				"$(DERIVED_FILE_DIR)/Pods-BevegramTests-checkManifestLockResult.txt",
			);
			runOnlyForDeploymentPostprocessing = 0;
			shellPath = /bin/sh;
			shellScript = "diff \"${PODS_PODFILE_DIR_PATH}/Podfile.lock\" \"${PODS_ROOT}/Manifest.lock\" > /dev/null\nif [ $? != 0 ] ; then\n    # print error to STDERR\n    echo \"error: The sandbox is not in sync with the Podfile.lock. Run 'pod install' or update your CocoaPods installation.\" >&2\n    exit 1\nfi\n# This output is used by Xcode 'outputs' to avoid re-running this script phase.\necho \"SUCCESS\" > \"${SCRIPT_OUTPUT_FILE_0}\"\n";
			showEnvVarsInLog = 0;
		};
		8C7670016541F712E5388FC4 /* [CP] Copy Pods Resources */ = {
			isa = PBXShellScriptBuildPhase;
			buildActionMask = 2147483647;
			files = (
			);
			inputPaths = (
			);
			name = "[CP] Copy Pods Resources";
			outputPaths = (
			);
			runOnlyForDeploymentPostprocessing = 0;
			shellPath = /bin/sh;
			shellScript = "\"${SRCROOT}/Pods/Target Support Files/Pods-Bevegram-tvOS/Pods-Bevegram-tvOS-resources.sh\"\n";
			showEnvVarsInLog = 0;
		};
		C970632BC21F9DBD741E88FA /* [CP] Check Pods Manifest.lock */ = {
			isa = PBXShellScriptBuildPhase;
			buildActionMask = 2147483647;
			files = (
			);
			inputPaths = (
				"${PODS_PODFILE_DIR_PATH}/Podfile.lock",
				"${PODS_ROOT}/Manifest.lock",
			);
			name = "[CP] Check Pods Manifest.lock";
			outputPaths = (
				"$(DERIVED_FILE_DIR)/Pods-Bevegram-tvOS-checkManifestLockResult.txt",
			);
			runOnlyForDeploymentPostprocessing = 0;
			shellPath = /bin/sh;
			shellScript = "diff \"${PODS_PODFILE_DIR_PATH}/Podfile.lock\" \"${PODS_ROOT}/Manifest.lock\" > /dev/null\nif [ $? != 0 ] ; then\n    # print error to STDERR\n    echo \"error: The sandbox is not in sync with the Podfile.lock. Run 'pod install' or update your CocoaPods installation.\" >&2\n    exit 1\nfi\n# This output is used by Xcode 'outputs' to avoid re-running this script phase.\necho \"SUCCESS\" > \"${SCRIPT_OUTPUT_FILE_0}\"\n";
			showEnvVarsInLog = 0;
		};
		E40F1CB17C59E06F4FED79FA /* [CP] Check Pods Manifest.lock */ = {
			isa = PBXShellScriptBuildPhase;
			buildActionMask = 2147483647;
			files = (
			);
			inputPaths = (
				"${PODS_PODFILE_DIR_PATH}/Podfile.lock",
				"${PODS_ROOT}/Manifest.lock",
			);
			name = "[CP] Check Pods Manifest.lock";
			outputPaths = (
				"$(DERIVED_FILE_DIR)/Pods-Bevegram-checkManifestLockResult.txt",
			);
			runOnlyForDeploymentPostprocessing = 0;
			shellPath = /bin/sh;
			shellScript = "diff \"${PODS_PODFILE_DIR_PATH}/Podfile.lock\" \"${PODS_ROOT}/Manifest.lock\" > /dev/null\nif [ $? != 0 ] ; then\n    # print error to STDERR\n    echo \"error: The sandbox is not in sync with the Podfile.lock. Run 'pod install' or update your CocoaPods installation.\" >&2\n    exit 1\nfi\n# This output is used by Xcode 'outputs' to avoid re-running this script phase.\necho \"SUCCESS\" > \"${SCRIPT_OUTPUT_FILE_0}\"\n";
			showEnvVarsInLog = 0;
		};
/* End PBXShellScriptBuildPhase section */

/* Begin PBXSourcesBuildPhase section */
		00E356EA1AD99517003FC87E /* Sources */ = {
			isa = PBXSourcesBuildPhase;
			buildActionMask = 2147483647;
			files = (
				00E356F31AD99517003FC87E /* BevegramTests.m in Sources */,
			);
			runOnlyForDeploymentPostprocessing = 0;
		};
		13B07F871A680F5B00A75B9A /* Sources */ = {
			isa = PBXSourcesBuildPhase;
			buildActionMask = 2147483647;
			files = (
				13B07FBC1A68108700A75B9A /* AppDelegate.m in Sources */,
				13B07FC11A68108700A75B9A /* main.m in Sources */,
			);
			runOnlyForDeploymentPostprocessing = 0;
		};
		2D02E4771E0B4A5D006451C7 /* Sources */ = {
			isa = PBXSourcesBuildPhase;
			buildActionMask = 2147483647;
			files = (
			);
			runOnlyForDeploymentPostprocessing = 0;
		};
		2D02E48C1E0B4A5D006451C7 /* Sources */ = {
			isa = PBXSourcesBuildPhase;
			buildActionMask = 2147483647;
			files = (
				2DCD954D1E0B4F2C00145EB5 /* BevegramTests.m in Sources */,
			);
			runOnlyForDeploymentPostprocessing = 0;
		};
/* End PBXSourcesBuildPhase section */

/* Begin PBXTargetDependency section */
		00E356F51AD99517003FC87E /* PBXTargetDependency */ = {
			isa = PBXTargetDependency;
			target = 13B07F861A680F5B00A75B9A /* Bevegram */;
			targetProxy = 00E356F41AD99517003FC87E /* PBXContainerItemProxy */;
		};
		2D02E4921E0B4A5D006451C7 /* PBXTargetDependency */ = {
			isa = PBXTargetDependency;
			target = 2D02E47A1E0B4A5D006451C7 /* Bevegram-tvOS */;
			targetProxy = 2D02E4911E0B4A5D006451C7 /* PBXContainerItemProxy */;
		};
/* End PBXTargetDependency section */

/* Begin PBXVariantGroup section */
		13B07FB11A68108700A75B9A /* LaunchScreen.xib */ = {
			isa = PBXVariantGroup;
			children = (
				13B07FB21A68108700A75B9A /* Base */,
			);
			name = LaunchScreen.xib;
			path = Bevegram;
			sourceTree = "<group>";
		};
/* End PBXVariantGroup section */

/* Begin XCBuildConfiguration section */
		00E356F61AD99517003FC87E /* Debug */ = {
			isa = XCBuildConfiguration;
			baseConfigurationReference = F0A19285B9F2A74E4E20A940 /* Pods-BevegramTests.debug.xcconfig */;
			buildSettings = {
				BUNDLE_LOADER = "$(TEST_HOST)";
				DEVELOPMENT_TEAM = 4XG6FT5QB4;
				GCC_PREPROCESSOR_DEFINITIONS = (
					"DEBUG=1",
					"$(inherited)",
				);
				HEADER_SEARCH_PATHS = (
					"$(inherited)",
					"$(SRCROOT)/../node_modules/lottie-ios/Lottie-Screenshot/**",
					"$(SRCROOT)/../node_modules/react-native-fcm/ios",
					"$(SRCROOT)/../node_modules/react-native-fcm/ios",
				);
				INFOPLIST_FILE = BevegramTests/Info.plist;
				IPHONEOS_DEPLOYMENT_TARGET = 8.2;
				LD_RUNPATH_SEARCH_PATHS = "$(inherited) @executable_path/Frameworks @loader_path/Frameworks";
				LIBRARY_SEARCH_PATHS = (
					"$(inherited)",
					"\"$(SRCROOT)/$(TARGET_NAME)\"",
				);
				OTHER_LDFLAGS = (
					"$(inherited)",
					"-ObjC",
					"-lc++",
				);
				PRODUCT_NAME = "$(TARGET_NAME)";
				TEST_HOST = "$(BUILT_PRODUCTS_DIR)/BuzzOtter.app/BuzzOtter";
			};
			name = Debug;
		};
		00E356F71AD99517003FC87E /* Release */ = {
			isa = XCBuildConfiguration;
			baseConfigurationReference = 24DF2E2E69D782E8A6AC37F5 /* Pods-BevegramTests.release.xcconfig */;
			buildSettings = {
				BUNDLE_LOADER = "$(TEST_HOST)";
				COPY_PHASE_STRIP = NO;
				DEVELOPMENT_TEAM = 4XG6FT5QB4;
				HEADER_SEARCH_PATHS = (
					"$(inherited)",
					"$(SRCROOT)/../node_modules/lottie-ios/Lottie-Screenshot/**",
					"$(SRCROOT)/../node_modules/react-native-fcm/ios",
					"$(SRCROOT)/../node_modules/react-native-fcm/ios",
				);
				INFOPLIST_FILE = BevegramTests/Info.plist;
				IPHONEOS_DEPLOYMENT_TARGET = 8.2;
				LD_RUNPATH_SEARCH_PATHS = "$(inherited) @executable_path/Frameworks @loader_path/Frameworks";
				LIBRARY_SEARCH_PATHS = (
					"$(inherited)",
					"\"$(SRCROOT)/$(TARGET_NAME)\"",
				);
				OTHER_LDFLAGS = (
					"$(inherited)",
					"-ObjC",
					"-lc++",
				);
				PRODUCT_NAME = "$(TARGET_NAME)";
				TEST_HOST = "$(BUILT_PRODUCTS_DIR)/BuzzOtter.app/BuzzOtter";
			};
			name = Release;
		};
		13B07F941A680F5B00A75B9A /* Debug */ = {
			isa = XCBuildConfiguration;
			baseConfigurationReference = 54EE01F48644C700D4B3F3D8 /* Pods-Bevegram.debug.xcconfig */;
			buildSettings = {
				ASSETCATALOG_COMPILER_APPICON_NAME = AppIcon;
				CODE_SIGN_ENTITLEMENTS = Bevegram/Bevegram.entitlements;
				CODE_SIGN_IDENTITY = "iPhone Developer";
				"CODE_SIGN_IDENTITY[sdk=iphoneos*]" = "iPhone Developer";
				DEAD_CODE_STRIPPING = YES;
				DEVELOPMENT_TEAM = 5G8V6X4NMP;
				FRAMEWORK_SEARCH_PATHS = (
					"$(inherited)",
					"\"${PODS_ROOT}/FirebaseAnalytics/Frameworks\"",
					"\"${PODS_ROOT}/FirebaseAuth/Frameworks\"",
					"\"${PODS_ROOT}/FirebaseCore/Frameworks\"",
					"\"${PODS_ROOT}/FirebaseDatabase/Frameworks\"",
					"\"${PODS_ROOT}/FirebaseInstanceID/Frameworks\"",
				);
				HEADER_SEARCH_PATHS = (
					"$(inherited)",
					/Applications/Xcode.app/Contents/Developer/Toolchains/XcodeDefault.xctoolchain/usr/include,
					"$(SRCROOT)/../node_modules/react-native/React/**",
					"$(SRCROOT)/../node_modules/react-native-maps/ios/AirMaps/**",
					"$(SRCROOT)/../node_modules/react-native-vector-icons/RNVectorIconsManager",
					"$(SRCROOT)/../node_modules/react-native-fbsdk/ios/RCTFBSDK",
					"$(SRCROOT)/../node_modules/react-native-fcm/ios",
				);
				INFOPLIST_FILE = Bevegram/Info.plist;
				IPHONEOS_DEPLOYMENT_TARGET = 8.0;
				LD_RUNPATH_SEARCH_PATHS = "$(inherited) @executable_path/Frameworks";
				LIBRARY_SEARCH_PATHS = (
					"$(inherited)",
					"$(PROJECT_DIR)",
				);
				OTHER_LDFLAGS = (
					"$(inherited)",
					"-ObjC",
					"-lc++",
				);
				PRODUCT_BUNDLE_IDENTIFIER = com.BuzzOtter;
				PRODUCT_NAME = BuzzOtter;
				PROVISIONING_PROFILE = "";
				TARGETED_DEVICE_FAMILY = 1;
			};
			name = Debug;
		};
		13B07F951A680F5B00A75B9A /* Release */ = {
			isa = XCBuildConfiguration;
			baseConfigurationReference = 4649E7A0A24ECFC2A4A4B297 /* Pods-Bevegram.release.xcconfig */;
			buildSettings = {
				ASSETCATALOG_COMPILER_APPICON_NAME = AppIcon;
				CODE_SIGN_ENTITLEMENTS = Bevegram/Bevegram.entitlements;
				CODE_SIGN_IDENTITY = "iPhone Developer";
				"CODE_SIGN_IDENTITY[sdk=iphoneos*]" = "iPhone Developer";
				CURRENT_PROJECT_VERSION = 1;
				DEAD_CODE_STRIPPING = YES;
				DEVELOPMENT_TEAM = 5G8V6X4NMP;
				FRAMEWORK_SEARCH_PATHS = (
					"$(inherited)",
					"\"${PODS_ROOT}/FirebaseAnalytics/Frameworks\"",
					"\"${PODS_ROOT}/FirebaseAuth/Frameworks\"",
					"\"${PODS_ROOT}/FirebaseCore/Frameworks\"",
					"\"${PODS_ROOT}/FirebaseDatabase/Frameworks\"",
					"\"${PODS_ROOT}/FirebaseInstanceID/Frameworks\"",
				);
				HEADER_SEARCH_PATHS = (
					"$(inherited)",
					/Applications/Xcode.app/Contents/Developer/Toolchains/XcodeDefault.xctoolchain/usr/include,
					"$(SRCROOT)/../node_modules/react-native/React/**",
					"$(SRCROOT)/../node_modules/react-native-maps/ios/AirMaps/**",
					"$(SRCROOT)/../node_modules/react-native-vector-icons/RNVectorIconsManager",
					"$(SRCROOT)/../node_modules/react-native-fbsdk/ios/RCTFBSDK",
					"$(SRCROOT)/../node_modules/react-native-fcm/ios",
				);
				INFOPLIST_FILE = Bevegram/Info.plist;
				IPHONEOS_DEPLOYMENT_TARGET = 8.0;
				LD_RUNPATH_SEARCH_PATHS = "$(inherited) @executable_path/Frameworks";
				LIBRARY_SEARCH_PATHS = (
					"$(inherited)",
					"$(PROJECT_DIR)",
				);
				OTHER_LDFLAGS = (
					"$(inherited)",
					"-ObjC",
					"-lc++",
				);
				PRODUCT_BUNDLE_IDENTIFIER = com.BuzzOtter;
				PRODUCT_NAME = BuzzOtter;
				PROVISIONING_PROFILE = "";
				TARGETED_DEVICE_FAMILY = 1;
			};
			name = Release;
		};
		2D02E4971E0B4A5E006451C7 /* Debug */ = {
			isa = XCBuildConfiguration;
			baseConfigurationReference = 3C6D94D203CD5460997F63C4 /* Pods-Bevegram-tvOS.debug.xcconfig */;
			buildSettings = {
				ASSETCATALOG_COMPILER_APPICON_NAME = "App Icon & Top Shelf Image";
				ASSETCATALOG_COMPILER_LAUNCHIMAGE_NAME = LaunchImage;
				CLANG_ANALYZER_NONNULL = YES;
				CLANG_WARN_DOCUMENTATION_COMMENTS = YES;
				CLANG_WARN_INFINITE_RECURSION = YES;
				CLANG_WARN_SUSPICIOUS_MOVE = YES;
				DEBUG_INFORMATION_FORMAT = dwarf;
				ENABLE_TESTABILITY = YES;
				GCC_NO_COMMON_BLOCKS = YES;
				HEADER_SEARCH_PATHS = (
					"$(inherited)",
					"$(SRCROOT)/../node_modules/lottie-ios/Lottie-Screenshot/**",
					"$(SRCROOT)/../node_modules/react-native-fcm/ios",
					"$(SRCROOT)/../node_modules/react-native-fcm/ios",
				);
				INFOPLIST_FILE = "Bevegram-tvOS/Info.plist";
				LD_RUNPATH_SEARCH_PATHS = "$(inherited) @executable_path/Frameworks";
				LIBRARY_SEARCH_PATHS = (
					"$(inherited)",
					"\"$(SRCROOT)/$(TARGET_NAME)\"",
				);
				OTHER_LDFLAGS = (
					"$(inherited)",
					"-ObjC",
					"-lc++",
				);
				PRODUCT_BUNDLE_IDENTIFIER = "com.facebook.REACT.Bevegram-tvOS";
				PRODUCT_NAME = "$(TARGET_NAME)";
				SDKROOT = appletvos;
				TARGETED_DEVICE_FAMILY = 3;
				TVOS_DEPLOYMENT_TARGET = 9.2;
			};
			name = Debug;
		};
		2D02E4981E0B4A5E006451C7 /* Release */ = {
			isa = XCBuildConfiguration;
			baseConfigurationReference = 7801AAB255EF92328C4FC37D /* Pods-Bevegram-tvOS.release.xcconfig */;
			buildSettings = {
				ASSETCATALOG_COMPILER_APPICON_NAME = "App Icon & Top Shelf Image";
				ASSETCATALOG_COMPILER_LAUNCHIMAGE_NAME = LaunchImage;
				CLANG_ANALYZER_NONNULL = YES;
				CLANG_WARN_DOCUMENTATION_COMMENTS = YES;
				CLANG_WARN_INFINITE_RECURSION = YES;
				CLANG_WARN_SUSPICIOUS_MOVE = YES;
				COPY_PHASE_STRIP = NO;
				DEBUG_INFORMATION_FORMAT = "dwarf-with-dsym";
				GCC_NO_COMMON_BLOCKS = YES;
				HEADER_SEARCH_PATHS = (
					"$(inherited)",
					"$(SRCROOT)/../node_modules/lottie-ios/Lottie-Screenshot/**",
					"$(SRCROOT)/../node_modules/react-native-fcm/ios",
					"$(SRCROOT)/../node_modules/react-native-fcm/ios",
				);
				INFOPLIST_FILE = "Bevegram-tvOS/Info.plist";
				LD_RUNPATH_SEARCH_PATHS = "$(inherited) @executable_path/Frameworks";
				LIBRARY_SEARCH_PATHS = (
					"$(inherited)",
					"\"$(SRCROOT)/$(TARGET_NAME)\"",
				);
				OTHER_LDFLAGS = (
					"$(inherited)",
					"-ObjC",
					"-lc++",
				);
				PRODUCT_BUNDLE_IDENTIFIER = "com.facebook.REACT.Bevegram-tvOS";
				PRODUCT_NAME = "$(TARGET_NAME)";
				SDKROOT = appletvos;
				TARGETED_DEVICE_FAMILY = 3;
				TVOS_DEPLOYMENT_TARGET = 9.2;
			};
			name = Release;
		};
		2D02E4991E0B4A5E006451C7 /* Debug */ = {
			isa = XCBuildConfiguration;
			baseConfigurationReference = 249678DC98149B762683661C /* Pods-Bevegram-tvOSTests.debug.xcconfig */;
			buildSettings = {
				BUNDLE_LOADER = "$(TEST_HOST)";
				CLANG_ANALYZER_NONNULL = YES;
				CLANG_WARN_DOCUMENTATION_COMMENTS = YES;
				CLANG_WARN_INFINITE_RECURSION = YES;
				CLANG_WARN_SUSPICIOUS_MOVE = YES;
				DEBUG_INFORMATION_FORMAT = dwarf;
				ENABLE_TESTABILITY = YES;
				GCC_NO_COMMON_BLOCKS = YES;
				INFOPLIST_FILE = "Bevegram-tvOSTests/Info.plist";
				LD_RUNPATH_SEARCH_PATHS = "$(inherited) @executable_path/Frameworks @loader_path/Frameworks";
				LIBRARY_SEARCH_PATHS = (
					"$(inherited)",
					"\"$(SRCROOT)/$(TARGET_NAME)\"",
				);
				PRODUCT_BUNDLE_IDENTIFIER = "com.facebook.REACT.Bevegram-tvOSTests";
				PRODUCT_NAME = "$(TARGET_NAME)";
				SDKROOT = appletvos;
				TEST_HOST = "$(BUILT_PRODUCTS_DIR)/Bevegram-tvOS.app/Bevegram-tvOS";
				TVOS_DEPLOYMENT_TARGET = 10.1;
			};
			name = Debug;
		};
		2D02E49A1E0B4A5E006451C7 /* Release */ = {
			isa = XCBuildConfiguration;
			baseConfigurationReference = AC9B99AAE531D47D6A5197E5 /* Pods-Bevegram-tvOSTests.release.xcconfig */;
			buildSettings = {
				BUNDLE_LOADER = "$(TEST_HOST)";
				CLANG_ANALYZER_NONNULL = YES;
				CLANG_WARN_DOCUMENTATION_COMMENTS = YES;
				CLANG_WARN_INFINITE_RECURSION = YES;
				CLANG_WARN_SUSPICIOUS_MOVE = YES;
				COPY_PHASE_STRIP = NO;
				DEBUG_INFORMATION_FORMAT = "dwarf-with-dsym";
				GCC_NO_COMMON_BLOCKS = YES;
				INFOPLIST_FILE = "Bevegram-tvOSTests/Info.plist";
				LD_RUNPATH_SEARCH_PATHS = "$(inherited) @executable_path/Frameworks @loader_path/Frameworks";
				LIBRARY_SEARCH_PATHS = (
					"$(inherited)",
					"\"$(SRCROOT)/$(TARGET_NAME)\"",
				);
				PRODUCT_BUNDLE_IDENTIFIER = "com.facebook.REACT.Bevegram-tvOSTests";
				PRODUCT_NAME = "$(TARGET_NAME)";
				SDKROOT = appletvos;
				TEST_HOST = "$(BUILT_PRODUCTS_DIR)/Bevegram-tvOS.app/Bevegram-tvOS";
				TVOS_DEPLOYMENT_TARGET = 10.1;
			};
			name = Release;
		};
		83CBBA201A601CBA00E9B192 /* Debug */ = {
			isa = XCBuildConfiguration;
			buildSettings = {
				ALWAYS_SEARCH_USER_PATHS = NO;
				CLANG_CXX_LANGUAGE_STANDARD = "gnu++0x";
				CLANG_CXX_LIBRARY = "libc++";
				CLANG_ENABLE_MODULES = YES;
				CLANG_ENABLE_OBJC_ARC = YES;
				CLANG_WARN_BOOL_CONVERSION = YES;
				CLANG_WARN_CONSTANT_CONVERSION = YES;
				CLANG_WARN_DIRECT_OBJC_ISA_USAGE = YES_ERROR;
				CLANG_WARN_EMPTY_BODY = YES;
				CLANG_WARN_ENUM_CONVERSION = YES;
				CLANG_WARN_INT_CONVERSION = YES;
				CLANG_WARN_OBJC_ROOT_CLASS = YES_ERROR;
				CLANG_WARN_UNREACHABLE_CODE = YES;
				CLANG_WARN__DUPLICATE_METHOD_MATCH = YES;
				"CODE_SIGN_IDENTITY[sdk=iphoneos*]" = "iPhone Developer";
				COPY_PHASE_STRIP = NO;
				ENABLE_STRICT_OBJC_MSGSEND = YES;
				FRAMEWORK_SEARCH_PATHS = "";
				GCC_C_LANGUAGE_STANDARD = gnu99;
				GCC_DYNAMIC_NO_PIC = NO;
				GCC_OPTIMIZATION_LEVEL = 0;
				GCC_PREPROCESSOR_DEFINITIONS = (
					"DEBUG=1",
					"$(inherited)",
				);
				GCC_SYMBOLS_PRIVATE_EXTERN = NO;
				GCC_WARN_64_TO_32_BIT_CONVERSION = YES;
				GCC_WARN_ABOUT_RETURN_TYPE = YES_ERROR;
				GCC_WARN_UNDECLARED_SELECTOR = YES;
				GCC_WARN_UNINITIALIZED_AUTOS = YES_AGGRESSIVE;
				GCC_WARN_UNUSED_FUNCTION = YES;
				GCC_WARN_UNUSED_VARIABLE = YES;
				HEADER_SEARCH_PATHS = (
					"$(inherited)",
					"$(SRCROOT)/../node_modules/react-native/React/**",
					"$(SRCROOT)/../node_modules/react-native-maps/ios/AirMaps/**",
					"$(SRCROOT)/../node_modules/react-native-vector-icons/RNVectorIconsManager",
					"$(SRCROOT)/../node_modules/react-native/ReactCommon/**",
				);
				IPHONEOS_DEPLOYMENT_TARGET = 8.0;
				MTL_ENABLE_DEBUG_INFO = YES;
				ONLY_ACTIVE_ARCH = YES;
				OTHER_LDFLAGS = "-lc++";
				SDKROOT = iphoneos;
			};
			name = Debug;
		};
		83CBBA211A601CBA00E9B192 /* Release */ = {
			isa = XCBuildConfiguration;
			buildSettings = {
				ALWAYS_SEARCH_USER_PATHS = NO;
				CLANG_CXX_LANGUAGE_STANDARD = "gnu++0x";
				CLANG_CXX_LIBRARY = "libc++";
				CLANG_ENABLE_MODULES = YES;
				CLANG_ENABLE_OBJC_ARC = YES;
				CLANG_WARN_BOOL_CONVERSION = YES;
				CLANG_WARN_CONSTANT_CONVERSION = YES;
				CLANG_WARN_DIRECT_OBJC_ISA_USAGE = YES_ERROR;
				CLANG_WARN_EMPTY_BODY = YES;
				CLANG_WARN_ENUM_CONVERSION = YES;
				CLANG_WARN_INT_CONVERSION = YES;
				CLANG_WARN_OBJC_ROOT_CLASS = YES_ERROR;
				CLANG_WARN_UNREACHABLE_CODE = YES;
				CLANG_WARN__DUPLICATE_METHOD_MATCH = YES;
				"CODE_SIGN_IDENTITY[sdk=iphoneos*]" = "iPhone Developer";
				COPY_PHASE_STRIP = YES;
				ENABLE_NS_ASSERTIONS = NO;
				ENABLE_STRICT_OBJC_MSGSEND = YES;
				FRAMEWORK_SEARCH_PATHS = "";
				GCC_C_LANGUAGE_STANDARD = gnu99;
				GCC_WARN_64_TO_32_BIT_CONVERSION = YES;
				GCC_WARN_ABOUT_RETURN_TYPE = YES_ERROR;
				GCC_WARN_UNDECLARED_SELECTOR = YES;
				GCC_WARN_UNINITIALIZED_AUTOS = YES_AGGRESSIVE;
				GCC_WARN_UNUSED_FUNCTION = YES;
				GCC_WARN_UNUSED_VARIABLE = YES;
				HEADER_SEARCH_PATHS = (
					"$(inherited)",
					"$(SRCROOT)/../node_modules/react-native/React/**",
					"$(SRCROOT)/../node_modules/react-native-maps/ios/AirMaps/**",
					"$(SRCROOT)/../node_modules/react-native-vector-icons/RNVectorIconsManager",
					"$(SRCROOT)/../node_modules/react-native/ReactCommon/**",
				);
				IPHONEOS_DEPLOYMENT_TARGET = 8.0;
				MTL_ENABLE_DEBUG_INFO = NO;
				ONLY_ACTIVE_ARCH = NO;
				OTHER_LDFLAGS = "-lc++";
				SDKROOT = iphoneos;
				VALIDATE_PRODUCT = YES;
			};
			name = Release;
		};
/* End XCBuildConfiguration section */

/* Begin XCConfigurationList section */
		00E357021AD99517003FC87E /* Build configuration list for PBXNativeTarget "BevegramTests" */ = {
			isa = XCConfigurationList;
			buildConfigurations = (
				00E356F61AD99517003FC87E /* Debug */,
				00E356F71AD99517003FC87E /* Release */,
			);
			defaultConfigurationIsVisible = 0;
			defaultConfigurationName = Release;
		};
		13B07F931A680F5B00A75B9A /* Build configuration list for PBXNativeTarget "Bevegram" */ = {
			isa = XCConfigurationList;
			buildConfigurations = (
				13B07F941A680F5B00A75B9A /* Debug */,
				13B07F951A680F5B00A75B9A /* Release */,
			);
			defaultConfigurationIsVisible = 0;
			defaultConfigurationName = Release;
		};
		2D02E4BA1E0B4A5E006451C7 /* Build configuration list for PBXNativeTarget "Bevegram-tvOS" */ = {
			isa = XCConfigurationList;
			buildConfigurations = (
				2D02E4971E0B4A5E006451C7 /* Debug */,
				2D02E4981E0B4A5E006451C7 /* Release */,
			);
			defaultConfigurationIsVisible = 0;
			defaultConfigurationName = Release;
		};
		2D02E4BB1E0B4A5E006451C7 /* Build configuration list for PBXNativeTarget "Bevegram-tvOSTests" */ = {
			isa = XCConfigurationList;
			buildConfigurations = (
				2D02E4991E0B4A5E006451C7 /* Debug */,
				2D02E49A1E0B4A5E006451C7 /* Release */,
			);
			defaultConfigurationIsVisible = 0;
			defaultConfigurationName = Release;
		};
		83CBB9FA1A601CBA00E9B192 /* Build configuration list for PBXProject "Bevegram" */ = {
			isa = XCConfigurationList;
			buildConfigurations = (
				83CBBA201A601CBA00E9B192 /* Debug */,
				83CBBA211A601CBA00E9B192 /* Release */,
			);
			defaultConfigurationIsVisible = 0;
			defaultConfigurationName = Release;
		};
/* End XCConfigurationList section */
	};
	rootObject = 83CBB9F71A601CBA00E9B192 /* Project object */;
}
